// !$*UTF8*$!
{
	archiveVersion = 1;
	classes = {
	};
	objectVersion = 48;
	objects = {

/* Begin PBXBuildFile section */
		164DB7C42041431200B1798F /* WGTabBarVC.m in Sources */ = {isa = PBXBuildFile; fileRef = 164DB7C32041431200B1798F /* WGTabBarVC.m */; };
		164DB7C72041434700B1798F /* WGTabBarItem.m in Sources */ = {isa = PBXBuildFile; fileRef = 164DB7C62041434700B1798F /* WGTabBarItem.m */; };
		164F64E6203EA14000E14A68 /* AppDelegate.m in Sources */ = {isa = PBXBuildFile; fileRef = 164F64E5203EA14000E14A68 /* AppDelegate.m */; };
		164F64E9203EA14000E14A68 /* ViewController.m in Sources */ = {isa = PBXBuildFile; fileRef = 164F64E8203EA14000E14A68 /* ViewController.m */; };
		164F64EC203EA14000E14A68 /* Main.storyboard in Resources */ = {isa = PBXBuildFile; fileRef = 164F64EA203EA14000E14A68 /* Main.storyboard */; };
		164F64EE203EA14000E14A68 /* Assets.xcassets in Resources */ = {isa = PBXBuildFile; fileRef = 164F64ED203EA14000E14A68 /* Assets.xcassets */; };
		164F64F1203EA14000E14A68 /* LaunchScreen.storyboard in Resources */ = {isa = PBXBuildFile; fileRef = 164F64EF203EA14000E14A68 /* LaunchScreen.storyboard */; };
		164F64F4203EA14000E14A68 /* main.m in Sources */ = {isa = PBXBuildFile; fileRef = 164F64F3203EA14000E14A68 /* main.m */; };
		164F64FE203EA14100E14A68 /* factoryTests.m in Sources */ = {isa = PBXBuildFile; fileRef = 164F64FD203EA14100E14A68 /* factoryTests.m */; };
		164F6509203EA14100E14A68 /* factoryUITests.m in Sources */ = {isa = PBXBuildFile; fileRef = 164F6508203EA14100E14A68 /* factoryUITests.m */; };
		164F6520203EB31500E14A68 /* Variable.m in Sources */ = {isa = PBXBuildFile; fileRef = 164F651F203EB31500E14A68 /* Variable.m */; };
		16B22FB6203FDF3600F2037A /* HTTPClient.m in Sources */ = {isa = PBXBuildFile; fileRef = 16B22FB5203FDF3600F2037A /* HTTPClient.m */; };
		16C2494D204162FC000C4471 /* WGTabBar.m in Sources */ = {isa = PBXBuildFile; fileRef = 16C2494C204162FC000C4471 /* WGTabBar.m */; };
		335E695D4CD7BE9BCF775C36 /* libPods-factory.a in Frameworks */ = {isa = PBXBuildFile; fileRef = D1EF45937BAA5233F3BB9028 /* libPods-factory.a */; };
/* End PBXBuildFile section */

/* Begin PBXContainerItemProxy section */
		164F64FA203EA14100E14A68 /* PBXContainerItemProxy */ = {
			isa = PBXContainerItemProxy;
			containerPortal = 164F64D9203EA14000E14A68 /* Project object */;
			proxyType = 1;
			remoteGlobalIDString = 164F64E0203EA14000E14A68;
			remoteInfo = factory;
		};
		164F6505203EA14100E14A68 /* PBXContainerItemProxy */ = {
			isa = PBXContainerItemProxy;
			containerPortal = 164F64D9203EA14000E14A68 /* Project object */;
			proxyType = 1;
			remoteGlobalIDString = 164F64E0203EA14000E14A68;
			remoteInfo = factory;
		};
/* End PBXContainerItemProxy section */

/* Begin PBXFileReference section */
		164DB7C22041431200B1798F /* WGTabBarVC.h */ = {isa = PBXFileReference; lastKnownFileType = sourcecode.c.h; path = WGTabBarVC.h; sourceTree = "<group>"; };
		164DB7C32041431200B1798F /* WGTabBarVC.m */ = {isa = PBXFileReference; lastKnownFileType = sourcecode.c.objc; path = WGTabBarVC.m; sourceTree = "<group>"; };
		164DB7C52041434700B1798F /* WGTabBarItem.h */ = {isa = PBXFileReference; lastKnownFileType = sourcecode.c.h; path = WGTabBarItem.h; sourceTree = "<group>"; };
		164DB7C62041434700B1798F /* WGTabBarItem.m */ = {isa = PBXFileReference; lastKnownFileType = sourcecode.c.objc; path = WGTabBarItem.m; sourceTree = "<group>"; };
		164F64E1203EA14000E14A68 /* factory.app */ = {isa = PBXFileReference; explicitFileType = wrapper.application; includeInIndex = 0; path = factory.app; sourceTree = BUILT_PRODUCTS_DIR; };
		164F64E4203EA14000E14A68 /* AppDelegate.h */ = {isa = PBXFileReference; lastKnownFileType = sourcecode.c.h; path = AppDelegate.h; sourceTree = "<group>"; };
		164F64E5203EA14000E14A68 /* AppDelegate.m */ = {isa = PBXFileReference; lastKnownFileType = sourcecode.c.objc; path = AppDelegate.m; sourceTree = "<group>"; };
		164F64E7203EA14000E14A68 /* ViewController.h */ = {isa = PBXFileReference; lastKnownFileType = sourcecode.c.h; path = ViewController.h; sourceTree = "<group>"; };
		164F64E8203EA14000E14A68 /* ViewController.m */ = {isa = PBXFileReference; lastKnownFileType = sourcecode.c.objc; path = ViewController.m; sourceTree = "<group>"; };
		164F64EB203EA14000E14A68 /* Base */ = {isa = PBXFileReference; lastKnownFileType = file.storyboard; name = Base; path = Base.lproj/Main.storyboard; sourceTree = "<group>"; };
		164F64ED203EA14000E14A68 /* Assets.xcassets */ = {isa = PBXFileReference; lastKnownFileType = folder.assetcatalog; path = Assets.xcassets; sourceTree = "<group>"; };
		164F64F0203EA14000E14A68 /* Base */ = {isa = PBXFileReference; lastKnownFileType = file.storyboard; name = Base; path = Base.lproj/LaunchScreen.storyboard; sourceTree = "<group>"; };
		164F64F2203EA14000E14A68 /* Info.plist */ = {isa = PBXFileReference; lastKnownFileType = text.plist.xml; path = Info.plist; sourceTree = "<group>"; };
		164F64F3203EA14000E14A68 /* main.m */ = {isa = PBXFileReference; lastKnownFileType = sourcecode.c.objc; path = main.m; sourceTree = "<group>"; };
		164F64F9203EA14100E14A68 /* factoryTests.xctest */ = {isa = PBXFileReference; explicitFileType = wrapper.cfbundle; includeInIndex = 0; path = factoryTests.xctest; sourceTree = BUILT_PRODUCTS_DIR; };
		164F64FD203EA14100E14A68 /* factoryTests.m */ = {isa = PBXFileReference; lastKnownFileType = sourcecode.c.objc; path = factoryTests.m; sourceTree = "<group>"; };
		164F64FF203EA14100E14A68 /* Info.plist */ = {isa = PBXFileReference; lastKnownFileType = text.plist.xml; path = Info.plist; sourceTree = "<group>"; };
		164F6504203EA14100E14A68 /* factoryUITests.xctest */ = {isa = PBXFileReference; explicitFileType = wrapper.cfbundle; includeInIndex = 0; path = factoryUITests.xctest; sourceTree = BUILT_PRODUCTS_DIR; };
		164F6508203EA14100E14A68 /* factoryUITests.m */ = {isa = PBXFileReference; lastKnownFileType = sourcecode.c.objc; path = factoryUITests.m; sourceTree = "<group>"; };
		164F650A203EA14100E14A68 /* Info.plist */ = {isa = PBXFileReference; lastKnownFileType = text.plist.xml; path = Info.plist; sourceTree = "<group>"; };
		164F651B203EB08200E14A68 /* define.h */ = {isa = PBXFileReference; lastKnownFileType = sourcecode.c.h; path = define.h; sourceTree = "<group>"; };
		164F651C203EB0E700E14A68 /* PrefixHeader.pch */ = {isa = PBXFileReference; lastKnownFileType = sourcecode.c.h; path = PrefixHeader.pch; sourceTree = "<group>"; };
		164F651E203EB31500E14A68 /* Variable.h */ = {isa = PBXFileReference; lastKnownFileType = sourcecode.c.h; path = Variable.h; sourceTree = "<group>"; };
		164F651F203EB31500E14A68 /* Variable.m */ = {isa = PBXFileReference; lastKnownFileType = sourcecode.c.objc; path = Variable.m; sourceTree = "<group>"; };
		16B22FB4203FDF3600F2037A /* HTTPClient.h */ = {isa = PBXFileReference; lastKnownFileType = sourcecode.c.h; path = HTTPClient.h; sourceTree = "<group>"; };
		16B22FB5203FDF3600F2037A /* HTTPClient.m */ = {isa = PBXFileReference; lastKnownFileType = sourcecode.c.objc; path = HTTPClient.m; sourceTree = "<group>"; };
		16C2494B204162FC000C4471 /* WGTabBar.h */ = {isa = PBXFileReference; lastKnownFileType = sourcecode.c.h; path = WGTabBar.h; sourceTree = "<group>"; };
		16C2494C204162FC000C4471 /* WGTabBar.m */ = {isa = PBXFileReference; lastKnownFileType = sourcecode.c.objc; path = WGTabBar.m; sourceTree = "<group>"; };
		2308DB06B4B3A64999742163 /* Pods-factory.release.xcconfig */ = {isa = PBXFileReference; includeInIndex = 1; lastKnownFileType = text.xcconfig; name = "Pods-factory.release.xcconfig"; path = "Pods/Target Support Files/Pods-factory/Pods-factory.release.xcconfig"; sourceTree = "<group>"; };
		7AC4E8AB7C837B229B019898 /* Pods-factory.debug.xcconfig */ = {isa = PBXFileReference; includeInIndex = 1; lastKnownFileType = text.xcconfig; name = "Pods-factory.debug.xcconfig"; path = "Pods/Target Support Files/Pods-factory/Pods-factory.debug.xcconfig"; sourceTree = "<group>"; };
		D1EF45937BAA5233F3BB9028 /* libPods-factory.a */ = {isa = PBXFileReference; explicitFileType = archive.ar; includeInIndex = 0; path = "libPods-factory.a"; sourceTree = BUILT_PRODUCTS_DIR; };
/* End PBXFileReference section */

/* Begin PBXFrameworksBuildPhase section */
		164F64DE203EA14000E14A68 /* Frameworks */ = {
			isa = PBXFrameworksBuildPhase;
			buildActionMask = 2147483647;
			files = (
				335E695D4CD7BE9BCF775C36 /* libPods-factory.a in Frameworks */,
			);
			runOnlyForDeploymentPostprocessing = 0;
		};
		164F64F6203EA14100E14A68 /* Frameworks */ = {
			isa = PBXFrameworksBuildPhase;
			buildActionMask = 2147483647;
			files = (
			);
			runOnlyForDeploymentPostprocessing = 0;
		};
		164F6501203EA14100E14A68 /* Frameworks */ = {
			isa = PBXFrameworksBuildPhase;
			buildActionMask = 2147483647;
			files = (
			);
			runOnlyForDeploymentPostprocessing = 0;
		};
/* End PBXFrameworksBuildPhase section */

/* Begin PBXGroup section */
		164DB7C1204142A800B1798F /* TabBar */ = {
			isa = PBXGroup;
			children = (
				164DB7C22041431200B1798F /* WGTabBarVC.h */,
				164DB7C32041431200B1798F /* WGTabBarVC.m */,
				16C2494B204162FC000C4471 /* WGTabBar.h */,
				16C2494C204162FC000C4471 /* WGTabBar.m */,
				164DB7C52041434700B1798F /* WGTabBarItem.h */,
				164DB7C62041434700B1798F /* WGTabBarItem.m */,
			);
			path = TabBar;
			sourceTree = "<group>";
		};
		164F64D8203EA14000E14A68 = {
			isa = PBXGroup;
			children = (
				164F64E3203EA14000E14A68 /* factory */,
				164F64FC203EA14100E14A68 /* factoryTests */,
				164F6507203EA14100E14A68 /* factoryUITests */,
				164F64E2203EA14000E14A68 /* Products */,
				AFD249354252DB012FBF2AE6 /* Pods */,
				1CBD8C197BDE6523326566E7 /* Frameworks */,
			);
			sourceTree = "<group>";
		};
		164F64E2203EA14000E14A68 /* Products */ = {
			isa = PBXGroup;
			children = (
				164F64E1203EA14000E14A68 /* factory.app */,
				164F64F9203EA14100E14A68 /* factoryTests.xctest */,
				164F6504203EA14100E14A68 /* factoryUITests.xctest */,
			);
			name = Products;
			sourceTree = "<group>";
		};
		164F64E3203EA14000E14A68 /* factory */ = {
			isa = PBXGroup;
			children = (
				164F64E4203EA14000E14A68 /* AppDelegate.h */,
				164F64E5203EA14000E14A68 /* AppDelegate.m */,
				164F651A203EB04900E14A68 /* Resources */,
				164F6519203EB03C00E14A68 /* Modules */,
				164F6518203EB03300E14A68 /* NetWorkManager */,
				164F6517203EB02500E14A68 /* Tools */,
				164F6516203EB01A00E14A68 /* Commons */,
				164F64E7203EA14000E14A68 /* ViewController.h */,
				164F64E8203EA14000E14A68 /* ViewController.m */,
				164F64EA203EA14000E14A68 /* Main.storyboard */,
				164F64ED203EA14000E14A68 /* Assets.xcassets */,
				164F64EF203EA14000E14A68 /* LaunchScreen.storyboard */,
				164F64F2203EA14000E14A68 /* Info.plist */,
				164F651B203EB08200E14A68 /* define.h */,
				164F651C203EB0E700E14A68 /* PrefixHeader.pch */,
				164F64F3203EA14000E14A68 /* main.m */,
			);
			path = factory;
			sourceTree = "<group>";
		};
		164F64FC203EA14100E14A68 /* factoryTests */ = {
			isa = PBXGroup;
			children = (
				164F64FD203EA14100E14A68 /* factoryTests.m */,
				164F64FF203EA14100E14A68 /* Info.plist */,
			);
			path = factoryTests;
			sourceTree = "<group>";
		};
		164F6507203EA14100E14A68 /* factoryUITests */ = {
			isa = PBXGroup;
			children = (
				164F6508203EA14100E14A68 /* factoryUITests.m */,
				164F650A203EA14100E14A68 /* Info.plist */,
			);
			path = factoryUITests;
			sourceTree = "<group>";
		};
		164F6516203EB01A00E14A68 /* Commons */ = {
			isa = PBXGroup;
			children = (
			);
			path = Commons;
			sourceTree = "<group>";
		};
		164F6517203EB02500E14A68 /* Tools */ = {
			isa = PBXGroup;
			children = (
				164DB7C1204142A800B1798F /* TabBar */,
				164F651D203EB2E800E14A68 /* Var */,
			);
			path = Tools;
			sourceTree = "<group>";
		};
		164F6518203EB03300E14A68 /* NetWorkManager */ = {
			isa = PBXGroup;
			children = (
				16B22FB4203FDF3600F2037A /* HTTPClient.h */,
				16B22FB5203FDF3600F2037A /* HTTPClient.m */,
			);
			path = NetWorkManager;
			sourceTree = "<group>";
		};
		164F6519203EB03C00E14A68 /* Modules */ = {
			isa = PBXGroup;
			children = (
			);
			path = Modules;
			sourceTree = "<group>";
		};
		164F651A203EB04900E14A68 /* Resources */ = {
			isa = PBXGroup;
			children = (
			);
			path = Resources;
			sourceTree = "<group>";
		};
		164F651D203EB2E800E14A68 /* Var */ = {
			isa = PBXGroup;
			children = (
				164F651E203EB31500E14A68 /* Variable.h */,
				164F651F203EB31500E14A68 /* Variable.m */,
			);
			path = Var;
			sourceTree = "<group>";
		};
		1CBD8C197BDE6523326566E7 /* Frameworks */ = {
			isa = PBXGroup;
			children = (
				D1EF45937BAA5233F3BB9028 /* libPods-factory.a */,
			);
			name = Frameworks;
			sourceTree = "<group>";
		};
		AFD249354252DB012FBF2AE6 /* Pods */ = {
			isa = PBXGroup;
			children = (
				7AC4E8AB7C837B229B019898 /* Pods-factory.debug.xcconfig */,
				2308DB06B4B3A64999742163 /* Pods-factory.release.xcconfig */,
			);
			name = Pods;
			sourceTree = "<group>";
		};
/* End PBXGroup section */

/* Begin PBXNativeTarget section */
		164F64E0203EA14000E14A68 /* factory */ = {
			isa = PBXNativeTarget;
			buildConfigurationList = 164F650D203EA14100E14A68 /* Build configuration list for PBXNativeTarget "factory" */;
			buildPhases = (
				FC19A0A7BBB4405079D8566E /* [CP] Check Pods Manifest.lock */,
				164F64DD203EA14000E14A68 /* Sources */,
				164F64DE203EA14000E14A68 /* Frameworks */,
				164F64DF203EA14000E14A68 /* Resources */,
				DEBAD8149B376F7A9742D61C /* [CP] Embed Pods Frameworks */,
				1C91F30B6172A6A7F5DB8908 /* [CP] Copy Pods Resources */,
			);
			buildRules = (
			);
			dependencies = (
			);
			name = factory;
			productName = factory;
			productReference = 164F64E1203EA14000E14A68 /* factory.app */;
			productType = "com.apple.product-type.application";
		};
		164F64F8203EA14100E14A68 /* factoryTests */ = {
			isa = PBXNativeTarget;
			buildConfigurationList = 164F6510203EA14100E14A68 /* Build configuration list for PBXNativeTarget "factoryTests" */;
			buildPhases = (
				164F64F5203EA14100E14A68 /* Sources */,
				164F64F6203EA14100E14A68 /* Frameworks */,
				164F64F7203EA14100E14A68 /* Resources */,
			);
			buildRules = (
			);
			dependencies = (
				164F64FB203EA14100E14A68 /* PBXTargetDependency */,
			);
			name = factoryTests;
			productName = factoryTests;
			productReference = 164F64F9203EA14100E14A68 /* factoryTests.xctest */;
			productType = "com.apple.product-type.bundle.unit-test";
		};
		164F6503203EA14100E14A68 /* factoryUITests */ = {
			isa = PBXNativeTarget;
			buildConfigurationList = 164F6513203EA14100E14A68 /* Build configuration list for PBXNativeTarget "factoryUITests" */;
			buildPhases = (
				164F6500203EA14100E14A68 /* Sources */,
				164F6501203EA14100E14A68 /* Frameworks */,
				164F6502203EA14100E14A68 /* Resources */,
			);
			buildRules = (
			);
			dependencies = (
				164F6506203EA14100E14A68 /* PBXTargetDependency */,
			);
			name = factoryUITests;
			productName = factoryUITests;
			productReference = 164F6504203EA14100E14A68 /* factoryUITests.xctest */;
			productType = "com.apple.product-type.bundle.ui-testing";
		};
/* End PBXNativeTarget section */

/* Begin PBXProject section */
		164F64D9203EA14000E14A68 /* Project object */ = {
			isa = PBXProject;
			attributes = {
				LastUpgradeCheck = 0920;
				ORGANIZATIONNAME = weiguo;
				TargetAttributes = {
					164F64E0203EA14000E14A68 = {
						CreatedOnToolsVersion = 9.2;
						ProvisioningStyle = Automatic;
					};
					164F64F8203EA14100E14A68 = {
						CreatedOnToolsVersion = 9.2;
						ProvisioningStyle = Automatic;
						TestTargetID = 164F64E0203EA14000E14A68;
					};
					164F6503203EA14100E14A68 = {
						CreatedOnToolsVersion = 9.2;
						ProvisioningStyle = Automatic;
						TestTargetID = 164F64E0203EA14000E14A68;
					};
				};
			};
			buildConfigurationList = 164F64DC203EA14000E14A68 /* Build configuration list for PBXProject "factory" */;
			compatibilityVersion = "Xcode 8.0";
			developmentRegion = en;
			hasScannedForEncodings = 0;
			knownRegions = (
				en,
				Base,
			);
			mainGroup = 164F64D8203EA14000E14A68;
			productRefGroup = 164F64E2203EA14000E14A68 /* Products */;
			projectDirPath = "";
			projectRoot = "";
			targets = (
				164F64E0203EA14000E14A68 /* factory */,
				164F64F8203EA14100E14A68 /* factoryTests */,
				164F6503203EA14100E14A68 /* factoryUITests */,
			);
		};
/* End PBXProject section */

/* Begin PBXResourcesBuildPhase section */
		164F64DF203EA14000E14A68 /* Resources */ = {
			isa = PBXResourcesBuildPhase;
			buildActionMask = 2147483647;
			files = (
				164F64F1203EA14000E14A68 /* LaunchScreen.storyboard in Resources */,
				164F64EE203EA14000E14A68 /* Assets.xcassets in Resources */,
				164F64EC203EA14000E14A68 /* Main.storyboard in Resources */,
			);
			runOnlyForDeploymentPostprocessing = 0;
		};
		164F64F7203EA14100E14A68 /* Resources */ = {
			isa = PBXResourcesBuildPhase;
			buildActionMask = 2147483647;
			files = (
			);
			runOnlyForDeploymentPostprocessing = 0;
		};
		164F6502203EA14100E14A68 /* Resources */ = {
			isa = PBXResourcesBuildPhase;
			buildActionMask = 2147483647;
			files = (
			);
			runOnlyForDeploymentPostprocessing = 0;
		};
/* End PBXResourcesBuildPhase section */

/* Begin PBXShellScriptBuildPhase section */
		1C91F30B6172A6A7F5DB8908 /* [CP] Copy Pods Resources */ = {
			isa = PBXShellScriptBuildPhase;
			buildActionMask = 2147483647;
			files = (
			);
			inputPaths = (
				"${SRCROOT}/Pods/Target Support Files/Pods-factory/Pods-factory-resources.sh",
				"${PODS_ROOT}/MJRefresh/MJRefresh/MJRefresh.bundle",
				"${PODS_ROOT}/SVProgressHUD/SVProgressHUD/SVProgressHUD.bundle",
			);
			name = "[CP] Copy Pods Resources";
			outputPaths = (
				"${TARGET_BUILD_DIR}/${UNLOCALIZED_RESOURCES_FOLDER_PATH}",
			);
			runOnlyForDeploymentPostprocessing = 0;
			shellPath = /bin/sh;
			shellScript = "\"${SRCROOT}/Pods/Target Support Files/Pods-factory/Pods-factory-resources.sh\"\n";
			showEnvVarsInLog = 0;
		};
		DEBAD8149B376F7A9742D61C /* [CP] Embed Pods Frameworks */ = {
			isa = PBXShellScriptBuildPhase;
			buildActionMask = 2147483647;
			files = (
			);
			inputPaths = (
			);
			name = "[CP] Embed Pods Frameworks";
			outputPaths = (
			);
			runOnlyForDeploymentPostprocessing = 0;
			shellPath = /bin/sh;
			shellScript = "\"${SRCROOT}/Pods/Target Support Files/Pods-factory/Pods-factory-frameworks.sh\"\n";
			showEnvVarsInLog = 0;
		};
		FC19A0A7BBB4405079D8566E /* [CP] Check Pods Manifest.lock */ = {
			isa = PBXShellScriptBuildPhase;
			buildActionMask = 2147483647;
			files = (
			);
			inputPaths = (
				"${PODS_PODFILE_DIR_PATH}/Podfile.lock",
				"${PODS_ROOT}/Manifest.lock",
			);
			name = "[CP] Check Pods Manifest.lock";
			outputPaths = (
				"$(DERIVED_FILE_DIR)/Pods-factory-checkManifestLockResult.txt",
			);
			runOnlyForDeploymentPostprocessing = 0;
			shellPath = /bin/sh;
			shellScript = "diff \"${PODS_PODFILE_DIR_PATH}/Podfile.lock\" \"${PODS_ROOT}/Manifest.lock\" > /dev/null\nif [ $? != 0 ] ; then\n    # print error to STDERR\n    echo \"error: The sandbox is not in sync with the Podfile.lock. Run 'pod install' or update your CocoaPods installation.\" >&2\n    exit 1\nfi\n# This output is used by Xcode 'outputs' to avoid re-running this script phase.\necho \"SUCCESS\" > \"${SCRIPT_OUTPUT_FILE_0}\"\n";
			showEnvVarsInLog = 0;
		};
/* End PBXShellScriptBuildPhase section */

/* Begin PBXSourcesBuildPhase section */
		164F64DD203EA14000E14A68 /* Sources */ = {
			isa = PBXSourcesBuildPhase;
			buildActionMask = 2147483647;
			files = (
				164F64E9203EA14000E14A68 /* ViewController.m in Sources */,
				164DB7C72041434700B1798F /* WGTabBarItem.m in Sources */,
				164F64F4203EA14000E14A68 /* main.m in Sources */,
				164F64E6203EA14000E14A68 /* AppDelegate.m in Sources */,
				16B22FB6203FDF3600F2037A /* HTTPClient.m in Sources */,
				164DB7C42041431200B1798F /* WGTabBarVC.m in Sources */,
				164F6520203EB31500E14A68 /* Variable.m in Sources */,
				16C2494D204162FC000C4471 /* WGTabBar.m in Sources */,
			);
			runOnlyForDeploymentPostprocessing = 0;
		};
		164F64F5203EA14100E14A68 /* Sources */ = {
			isa = PBXSourcesBuildPhase;
			buildActionMask = 2147483647;
			files = (
				164F64FE203EA14100E14A68 /* factoryTests.m in Sources */,
			);
			runOnlyForDeploymentPostprocessing = 0;
		};
		164F6500203EA14100E14A68 /* Sources */ = {
			isa = PBXSourcesBuildPhase;
			buildActionMask = 2147483647;
			files = (
				164F6509203EA14100E14A68 /* factoryUITests.m in Sources */,
			);
			runOnlyForDeploymentPostprocessing = 0;
		};
/* End PBXSourcesBuildPhase section */

/* Begin PBXTargetDependency section */
		164F64FB203EA14100E14A68 /* PBXTargetDependency */ = {
			isa = PBXTargetDependency;
			target = 164F64E0203EA14000E14A68 /* factory */;
			targetProxy = 164F64FA203EA14100E14A68 /* PBXContainerItemProxy */;
		};
		164F6506203EA14100E14A68 /* PBXTargetDependency */ = {
			isa = PBXTargetDependency;
			target = 164F64E0203EA14000E14A68 /* factory */;
			targetProxy = 164F6505203EA14100E14A68 /* PBXContainerItemProxy */;
		};
/* End PBXTargetDependency section */

/* Begin PBXVariantGroup section */
		164F64EA203EA14000E14A68 /* Main.storyboard */ = {
			isa = PBXVariantGroup;
			children = (
				164F64EB203EA14000E14A68 /* Base */,
			);
			name = Main.storyboard;
			sourceTree = "<group>";
		};
		164F64EF203EA14000E14A68 /* LaunchScreen.storyboard */ = {
			isa = PBXVariantGroup;
			children = (
				164F64F0203EA14000E14A68 /* Base */,
			);
			name = LaunchScreen.storyboard;
			sourceTree = "<group>";
		};
/* End PBXVariantGroup section */

/* Begin XCBuildConfiguration section */
		164F650B203EA14100E14A68 /* Debug */ = {
			isa = XCBuildConfiguration;
			buildSettings = {
				ALWAYS_SEARCH_USER_PATHS = NO;
				CLANG_ANALYZER_NONNULL = YES;
				CLANG_ANALYZER_NUMBER_OBJECT_CONVERSION = YES_AGGRESSIVE;
				CLANG_CXX_LANGUAGE_STANDARD = "gnu++14";
				CLANG_CXX_LIBRARY = "libc++";
				CLANG_ENABLE_MODULES = YES;
				CLANG_ENABLE_OBJC_ARC = YES;
				CLANG_WARN_BLOCK_CAPTURE_AUTORELEASING = YES;
				CLANG_WARN_BOOL_CONVERSION = YES;
				CLANG_WARN_COMMA = YES;
				CLANG_WARN_CONSTANT_CONVERSION = YES;
				CLANG_WARN_DIRECT_OBJC_ISA_USAGE = YES_ERROR;
				CLANG_WARN_DOCUMENTATION_COMMENTS = YES;
				CLANG_WARN_EMPTY_BODY = YES;
				CLANG_WARN_ENUM_CONVERSION = YES;
				CLANG_WARN_INFINITE_RECURSION = YES;
				CLANG_WARN_INT_CONVERSION = YES;
				CLANG_WARN_NON_LITERAL_NULL_CONVERSION = YES;
				CLANG_WARN_OBJC_LITERAL_CONVERSION = YES;
				CLANG_WARN_OBJC_ROOT_CLASS = YES_ERROR;
				CLANG_WARN_RANGE_LOOP_ANALYSIS = YES;
				CLANG_WARN_STRICT_PROTOTYPES = YES;
				CLANG_WARN_SUSPICIOUS_MOVE = YES;
				CLANG_WARN_UNGUARDED_AVAILABILITY = YES_AGGRESSIVE;
				CLANG_WARN_UNREACHABLE_CODE = YES;
				CLANG_WARN__DUPLICATE_METHOD_MATCH = YES;
				CODE_SIGN_IDENTITY = "iPhone Developer";
				COPY_PHASE_STRIP = NO;
				DEBUG_INFORMATION_FORMAT = dwarf;
				ENABLE_STRICT_OBJC_MSGSEND = YES;
				ENABLE_TESTABILITY = YES;
				GCC_C_LANGUAGE_STANDARD = gnu11;
				GCC_DYNAMIC_NO_PIC = NO;
				GCC_NO_COMMON_BLOCKS = YES;
				GCC_OPTIMIZATION_LEVEL = 0;
				GCC_PREPROCESSOR_DEFINITIONS = (
					"DEBUG=1",
					"$(inherited)",
				);
				GCC_WARN_64_TO_32_BIT_CONVERSION = YES;
				GCC_WARN_ABOUT_RETURN_TYPE = YES_ERROR;
				GCC_WARN_UNDECLARED_SELECTOR = YES;
				GCC_WARN_UNINITIALIZED_AUTOS = YES_AGGRESSIVE;
				GCC_WARN_UNUSED_FUNCTION = YES;
				GCC_WARN_UNUSED_VARIABLE = YES;
				IPHONEOS_DEPLOYMENT_TARGET = 11.2;
				MTL_ENABLE_DEBUG_INFO = YES;
				ONLY_ACTIVE_ARCH = YES;
				SDKROOT = iphoneos;
			};
			name = Debug;
		};
		164F650C203EA14100E14A68 /* Release */ = {
			isa = XCBuildConfiguration;
			buildSettings = {
				ALWAYS_SEARCH_USER_PATHS = NO;
				CLANG_ANALYZER_NONNULL = YES;
				CLANG_ANALYZER_NUMBER_OBJECT_CONVERSION = YES_AGGRESSIVE;
				CLANG_CXX_LANGUAGE_STANDARD = "gnu++14";
				CLANG_CXX_LIBRARY = "libc++";
				CLANG_ENABLE_MODULES = YES;
				CLANG_ENABLE_OBJC_ARC = YES;
				CLANG_WARN_BLOCK_CAPTURE_AUTORELEASING = YES;
				CLANG_WARN_BOOL_CONVERSION = YES;
				CLANG_WARN_COMMA = YES;
				CLANG_WARN_CONSTANT_CONVERSION = YES;
				CLANG_WARN_DIRECT_OBJC_ISA_USAGE = YES_ERROR;
				CLANG_WARN_DOCUMENTATION_COMMENTS = YES;
				CLANG_WARN_EMPTY_BODY = YES;
				CLANG_WARN_ENUM_CONVERSION = YES;
				CLANG_WARN_INFINITE_RECURSION = YES;
				CLANG_WARN_INT_CONVERSION = YES;
				CLANG_WARN_NON_LITERAL_NULL_CONVERSION = YES;
				CLANG_WARN_OBJC_LITERAL_CONVERSION = YES;
				CLANG_WARN_OBJC_ROOT_CLASS = YES_ERROR;
				CLANG_WARN_RANGE_LOOP_ANALYSIS = YES;
				CLANG_WARN_STRICT_PROTOTYPES = YES;
				CLANG_WARN_SUSPICIOUS_MOVE = YES;
				CLANG_WARN_UNGUARDED_AVAILABILITY = YES_AGGRESSIVE;
				CLANG_WARN_UNREACHABLE_CODE = YES;
				CLANG_WARN__DUPLICATE_METHOD_MATCH = YES;
				CODE_SIGN_IDENTITY = "iPhone Developer";
				COPY_PHASE_STRIP = NO;
				DEBUG_INFORMATION_FORMAT = "dwarf-with-dsym";
				ENABLE_NS_ASSERTIONS = NO;
				ENABLE_STRICT_OBJC_MSGSEND = YES;
				GCC_C_LANGUAGE_STANDARD = gnu11;
				GCC_NO_COMMON_BLOCKS = YES;
				GCC_WARN_64_TO_32_BIT_CONVERSION = YES;
				GCC_WARN_ABOUT_RETURN_TYPE = YES_ERROR;
				GCC_WARN_UNDECLARED_SELECTOR = YES;
				GCC_WARN_UNINITIALIZED_AUTOS = YES_AGGRESSIVE;
				GCC_WARN_UNUSED_FUNCTION = YES;
				GCC_WARN_UNUSED_VARIABLE = YES;
				IPHONEOS_DEPLOYMENT_TARGET = 11.2;
				MTL_ENABLE_DEBUG_INFO = NO;
				SDKROOT = iphoneos;
				VALIDATE_PRODUCT = YES;
			};
			name = Release;
		};
		164F650E203EA14100E14A68 /* Debug */ = {
			isa = XCBuildConfiguration;
			baseConfigurationReference = 7AC4E8AB7C837B229B019898 /* Pods-factory.debug.xcconfig */;
			buildSettings = {
				ASSETCATALOG_COMPILER_APPICON_NAME = AppIcon;
				CODE_SIGN_STYLE = Automatic;
				DEVELOPMENT_TEAM = KG4MGNCQRA;
				GCC_PRECOMPILE_PREFIX_HEADER = YES;
				GCC_PREFIX_HEADER = "$(SRCROOT)/factory/PrefixHeader.pch";
				INFOPLIST_FILE = factory/Info.plist;
				LD_RUNPATH_SEARCH_PATHS = "$(inherited) @executable_path/Frameworks";
				PRODUCT_BUNDLE_IDENTIFIER = com.vliour.xmay;
				PRODUCT_NAME = "$(TARGET_NAME)";
				TARGETED_DEVICE_FAMILY = "1,2";
			};
			name = Debug;
		};
		164F650F203EA14100E14A68 /* Release */ = {
			isa = XCBuildConfiguration;
			baseConfigurationReference = 2308DB06B4B3A64999742163 /* Pods-factory.release.xcconfig */;
			buildSettings = {
				ASSETCATALOG_COMPILER_APPICON_NAME = AppIcon;
				CODE_SIGN_STYLE = Automatic;
				DEVELOPMENT_TEAM = KG4MGNCQRA;
				GCC_PRECOMPILE_PREFIX_HEADER = YES;
				GCC_PREFIX_HEADER = "$(SRCROOT)/factory/PrefixHeader.pch";
				INFOPLIST_FILE = factory/Info.plist;
				LD_RUNPATH_SEARCH_PATHS = "$(inherited) @executable_path/Frameworks";
				PRODUCT_BUNDLE_IDENTIFIER = com.vliour.xmay;
				PRODUCT_NAME = "$(TARGET_NAME)";
				TARGETED_DEVICE_FAMILY = "1,2";
			};
			name = Release;
		};
		164F6511203EA14100E14A68 /* Debug */ = {
			isa = XCBuildConfiguration;
			buildSettings = {
				BUNDLE_LOADER = "$(TEST_HOST)";
				CODE_SIGN_STYLE = Automatic;
				INFOPLIST_FILE = factoryTests/Info.plist;
				LD_RUNPATH_SEARCH_PATHS = "$(inherited) @executable_path/Frameworks @loader_path/Frameworks";
				PRODUCT_BUNDLE_IDENTIFIER = com.vliour.factoryTests;
				PRODUCT_NAME = "$(TARGET_NAME)";
				TARGETED_DEVICE_FAMILY = "1,2";
				TEST_HOST = "$(BUILT_PRODUCTS_DIR)/factory.app/factory";
			};
			name = Debug;
		};
		164F6512203EA14100E14A68 /* Release */ = {
			isa = XCBuildConfiguration;
			buildSettings = {
				BUNDLE_LOADER = "$(TEST_HOST)";
				CODE_SIGN_STYLE = Automatic;
				INFOPLIST_FILE = factoryTests/Info.plist;
				LD_RUNPATH_SEARCH_PATHS = "$(inherited) @executable_path/Frameworks @loader_path/Frameworks";
				PRODUCT_BUNDLE_IDENTIFIER = com.vliour.factoryTests;
				PRODUCT_NAME = "$(TARGET_NAME)";
				TARGETED_DEVICE_FAMILY = "1,2";
				TEST_HOST = "$(BUILT_PRODUCTS_DIR)/factory.app/factory";
			};
			name = Release;
		};
		164F6514203EA14100E14A68 /* Debug */ = {
			isa = XCBuildConfiguration;
			buildSettings = {
				CODE_SIGN_STYLE = Automatic;
				INFOPLIST_FILE = factoryUITests/Info.plist;
				LD_RUNPATH_SEARCH_PATHS = "$(inherited) @executable_path/Frameworks @loader_path/Frameworks";
				PRODUCT_BUNDLE_IDENTIFIER = com.vliour.factoryUITests;
				PRODUCT_NAME = "$(TARGET_NAME)";
				TARGETED_DEVICE_FAMILY = "1,2";
				TEST_TARGET_NAME = factory;
			};
			name = Debug;
		};
		164F6515203EA14100E14A68 /* Release */ = {
			isa = XCBuildConfiguration;
			buildSettings = {
				CODE_SIGN_STYLE = Automatic;
				INFOPLIST_FILE = factoryUITests/Info.plist;
				LD_RUNPATH_SEARCH_PATHS = "$(inherited) @executable_path/Frameworks @loader_path/Frameworks";
				PRODUCT_BUNDLE_IDENTIFIER = com.vliour.factoryUITests;
				PRODUCT_NAME = "$(TARGET_NAME)";
				TARGETED_DEVICE_FAMILY = "1,2";
				TEST_TARGET_NAME = factory;
			};
			name = Release;
		};
/* End XCBuildConfiguration section */

/* Begin XCConfigurationList section */
		164F64DC203EA14000E14A68 /* Build configuration list for PBXProject "factory" */ = {
			isa = XCConfigurationList;
			buildConfigurations = (
				164F650B203EA14100E14A68 /* Debug */,
				164F650C203EA14100E14A68 /* Release */,
			);
			defaultConfigurationIsVisible = 0;
			defaultConfigurationName = Release;
		};
		164F650D203EA14100E14A68 /* Build configuration list for PBXNativeTarget "factory" */ = {
			isa = XCConfigurationList;
			buildConfigurations = (
				164F650E203EA14100E14A68 /* Debug */,
				164F650F203EA14100E14A68 /* Release */,
			);
			defaultConfigurationIsVisible = 0;
			defaultConfigurationName = Release;
		};
		164F6510203EA14100E14A68 /* Build configuration list for PBXNativeTarget "factoryTests" */ = {
			isa = XCConfigurationList;
			buildConfigurations = (
				164F6511203EA14100E14A68 /* Debug */,
				164F6512203EA14100E14A68 /* Release */,
			);
			defaultConfigurationIsVisible = 0;
			defaultConfigurationName = Release;
		};
		164F6513203EA14100E14A68 /* Build configuration list for PBXNativeTarget "factoryUITests" */ = {
			isa = XCConfigurationList;
			buildConfigurations = (
				164F6514203EA14100E14A68 /* Debug */,
				164F6515203EA14100E14A68 /* Release */,
			);
			defaultConfigurationIsVisible = 0;
			defaultConfigurationName = Release;
		};
/* End XCConfigurationList section */
	};
	rootObject = 164F64D9203EA14000E14A68 /* Project object */;
}
