// !$*UTF8*$!
{
	archiveVersion = 1;
	classes = {
	};
	objectVersion = 48;
	objects = {

/* Begin PBXBuildFile section */
		16190B44204636DA00214999 /* FirstViewController.m in Sources */ = {isa = PBXBuildFile; fileRef = 16190B43204636DA00214999 /* FirstViewController.m */; };
		16190B47204636E700214999 /* SecondViewController.m in Sources */ = {isa = PBXBuildFile; fileRef = 16190B46204636E700214999 /* SecondViewController.m */; };
		16190B4A204636F700214999 /* ThirdViewController.m in Sources */ = {isa = PBXBuildFile; fileRef = 16190B49204636F700214999 /* ThirdViewController.m */; };
		1646D6FE20511B61009B2A09 /* NextViewController.m in Sources */ = {isa = PBXBuildFile; fileRef = 1646D6FD20511B61009B2A09 /* NextViewController.m */; };
		1646D7012051270F009B2A09 /* WGNavigationController.m in Sources */ = {isa = PBXBuildFile; fileRef = 1646D7002051270F009B2A09 /* WGNavigationController.m */; };
		1646D70720512F20009B2A09 /* KeyboardViewController.m in Sources */ = {isa = PBXBuildFile; fileRef = 1646D70620512F20009B2A09 /* KeyboardViewController.m */; };
		1646D70920512FDE009B2A09 /* KeyboardViewController.xib in Resources */ = {isa = PBXBuildFile; fileRef = 1646D70820512FDE009B2A09 /* KeyboardViewController.xib */; };
		164F64E6203EA14000E14A68 /* AppDelegate.m in Sources */ = {isa = PBXBuildFile; fileRef = 164F64E5203EA14000E14A68 /* AppDelegate.m */; };
		164F64EC203EA14000E14A68 /* Main.storyboard in Resources */ = {isa = PBXBuildFile; fileRef = 164F64EA203EA14000E14A68 /* Main.storyboard */; };
		164F64EE203EA14000E14A68 /* Assets.xcassets in Resources */ = {isa = PBXBuildFile; fileRef = 164F64ED203EA14000E14A68 /* Assets.xcassets */; };
		164F64F1203EA14000E14A68 /* LaunchScreen.storyboard in Resources */ = {isa = PBXBuildFile; fileRef = 164F64EF203EA14000E14A68 /* LaunchScreen.storyboard */; };
		164F64F4203EA14000E14A68 /* main.m in Sources */ = {isa = PBXBuildFile; fileRef = 164F64F3203EA14000E14A68 /* main.m */; };
		164F64FE203EA14100E14A68 /* factoryTests.m in Sources */ = {isa = PBXBuildFile; fileRef = 164F64FD203EA14100E14A68 /* factoryTests.m */; };
		164F6509203EA14100E14A68 /* factoryUITests.m in Sources */ = {isa = PBXBuildFile; fileRef = 164F6508203EA14100E14A68 /* factoryUITests.m */; };
		16B22FB6203FDF3600F2037A /* HTTPClient.m in Sources */ = {isa = PBXBuildFile; fileRef = 16B22FB5203FDF3600F2037A /* HTTPClient.m */; };
		16C2495220439082000C4471 /* WGScrollView.m in Sources */ = {isa = PBXBuildFile; fileRef = 16C2495120439082000C4471 /* WGScrollView.m */; };
		16C2495520439144000C4471 /* WGViewController.m in Sources */ = {isa = PBXBuildFile; fileRef = 16C2495420439144000C4471 /* WGViewController.m */; };
		16C249592043936B000C4471 /* UIColor+WGColor.m in Sources */ = {isa = PBXBuildFile; fileRef = 16C249582043936B000C4471 /* UIColor+WGColor.m */; };
		16C2495C2043944D000C4471 /* UIImage+Common.m in Sources */ = {isa = PBXBuildFile; fileRef = 16C2495B2043944D000C4471 /* UIImage+Common.m */; };
		16C2495F2043961D000C4471 /* UIView+Common.m in Sources */ = {isa = PBXBuildFile; fileRef = 16C2495E2043961D000C4471 /* UIView+Common.m */; };
		16C249622043E83A000C4471 /* AppDelegate+RegisterThirdParty.m in Sources */ = {isa = PBXBuildFile; fileRef = 16C249612043E83A000C4471 /* AppDelegate+RegisterThirdParty.m */; };
		335E695D4CD7BE9BCF775C36 /* libPods-factory.a in Frameworks */ = {isa = PBXBuildFile; fileRef = D1EF45937BAA5233F3BB9028 /* libPods-factory.a */; };
		610612902079F553006D333D /* WGResponse.m in Sources */ = {isa = PBXBuildFile; fileRef = 6106128F2079F553006D333D /* WGResponse.m */; };
		610612932079FC01006D333D /* NSObject+Notification.m in Sources */ = {isa = PBXBuildFile; fileRef = 610612922079FC01006D333D /* NSObject+Notification.m */; };
		610612962079FF3B006D333D /* WGEnum.m in Sources */ = {isa = PBXBuildFile; fileRef = 610612952079FF3B006D333D /* WGEnum.m */; };
		6106129E207A0296006D333D /* TAlertView.m in Sources */ = {isa = PBXBuildFile; fileRef = 6106129D207A0296006D333D /* TAlertView.m */; };
		610612A1207A0408006D333D /* WGUtil.m in Sources */ = {isa = PBXBuildFile; fileRef = 610612A0207A0408006D333D /* WGUtil.m */; };
		6113CC912085C1A700CC18E1 /* WelcomeViewController.m in Sources */ = {isa = PBXBuildFile; fileRef = 6113CC8C2085C1A600CC18E1 /* WelcomeViewController.m */; };
		6113CC922085C1A700CC18E1 /* WelcomeViewController.xib in Resources */ = {isa = PBXBuildFile; fileRef = 6113CC8D2085C1A600CC18E1 /* WelcomeViewController.xib */; };
		6148F722207C5453002816A0 /* WGSharedData.m in Sources */ = {isa = PBXBuildFile; fileRef = 6148F721207C5453002816A0 /* WGSharedData.m */; };
		6148F728207C56B7002816A0 /* WGSharedMacr.m in Sources */ = {isa = PBXBuildFile; fileRef = 6148F727207C56B7002816A0 /* WGSharedMacr.m */; };
		616548FE20849E28004E2E5E /* WGSharePublishCollectionCell.m in Sources */ = {isa = PBXBuildFile; fileRef = 616548FB20849E28004E2E5E /* WGSharePublishCollectionCell.m */; };
		616548FF20849E28004E2E5E /* WGShareView.m in Sources */ = {isa = PBXBuildFile; fileRef = 616548FD20849E28004E2E5E /* WGShareView.m */; };
		6165490220849E91004E2E5E /* WGNoContentView.m in Sources */ = {isa = PBXBuildFile; fileRef = 6165490120849E91004E2E5E /* WGNoContentView.m */; };
		616549052084A00D004E2E5E /* WGBaseTableView.m in Sources */ = {isa = PBXBuildFile; fileRef = 616549042084A00D004E2E5E /* WGBaseTableView.m */; };
		616E86B4207F3C9E0042B7AD /* WGWeiXiner.m in Sources */ = {isa = PBXBuildFile; fileRef = 616E86B3207F3C9E0042B7AD /* WGWeiXiner.m */; };
		616E86B7207F3CE90042B7AD /* WGWeiXinPay.m in Sources */ = {isa = PBXBuildFile; fileRef = 616E86B6207F3CE90042B7AD /* WGWeiXinPay.m */; };
		616E86BA207F3D250042B7AD /* WGWeiXinCaller.m in Sources */ = {isa = PBXBuildFile; fileRef = 616E86B9207F3D250042B7AD /* WGWeiXinCaller.m */; };
		616E86C4207F42830042B7AD /* TencentOpenApi_IOS_Bundle.bundle in Resources */ = {isa = PBXBuildFile; fileRef = 616E86C2207F42830042B7AD /* TencentOpenApi_IOS_Bundle.bundle */; };
		616E86C5207F42830042B7AD /* TencentOpenAPI.framework in Frameworks */ = {isa = PBXBuildFile; fileRef = 616E86C3207F42830042B7AD /* TencentOpenAPI.framework */; };
		616E86C8207F43140042B7AD /* WGQQCaller.m in Sources */ = {isa = PBXBuildFile; fileRef = 616E86C7207F43140042B7AD /* WGQQCaller.m */; };
		616E86CC207F4AE60042B7AD /* AlipaySDK.bundle in Resources */ = {isa = PBXBuildFile; fileRef = 616E86CA207F4AE60042B7AD /* AlipaySDK.bundle */; };
		616E86CD207F4AE60042B7AD /* AlipaySDK.framework in Frameworks */ = {isa = PBXBuildFile; fileRef = 616E86CB207F4AE60042B7AD /* AlipaySDK.framework */; };
		616E86D0207F4B390042B7AD /* WGAlipayCaller.m in Sources */ = {isa = PBXBuildFile; fileRef = 616E86CF207F4B390042B7AD /* WGAlipayCaller.m */; };
		616E86D2207F4E3B0042B7AD /* libc++.tbd in Frameworks */ = {isa = PBXBuildFile; fileRef = 616E86D1207F4E3B0042B7AD /* libc++.tbd */; };
		616E86D4207F4E460042B7AD /* libz.tbd in Frameworks */ = {isa = PBXBuildFile; fileRef = 616E86D3207F4E460042B7AD /* libz.tbd */; };
		616E86D6207F4E4F0042B7AD /* SystemConfiguration.framework in Frameworks */ = {isa = PBXBuildFile; fileRef = 616E86D5207F4E4F0042B7AD /* SystemConfiguration.framework */; };
		616E86D8207F4E560042B7AD /* CoreTelephony.framework in Frameworks */ = {isa = PBXBuildFile; fileRef = 616E86D7207F4E560042B7AD /* CoreTelephony.framework */; };
		616E86DA207F4E5D0042B7AD /* QuartzCore.framework in Frameworks */ = {isa = PBXBuildFile; fileRef = 616E86D9207F4E5D0042B7AD /* QuartzCore.framework */; };
		616E86DC207F4E670042B7AD /* CoreText.framework in Frameworks */ = {isa = PBXBuildFile; fileRef = 616E86DB207F4E670042B7AD /* CoreText.framework */; };
		616E86DE207F4E710042B7AD /* CoreGraphics.framework in Frameworks */ = {isa = PBXBuildFile; fileRef = 616E86DD207F4E710042B7AD /* CoreGraphics.framework */; };
		616E86E0207F4E770042B7AD /* UIKit.framework in Frameworks */ = {isa = PBXBuildFile; fileRef = 616E86DF207F4E770042B7AD /* UIKit.framework */; };
		616E86E2207F4E850042B7AD /* Foundation.framework in Frameworks */ = {isa = PBXBuildFile; fileRef = 616E86E1207F4E850042B7AD /* Foundation.framework */; };
		616E86E4207F4E8D0042B7AD /* CFNetwork.framework in Frameworks */ = {isa = PBXBuildFile; fileRef = 616E86E3207F4E8D0042B7AD /* CFNetwork.framework */; };
		616E86E6207F4E9A0042B7AD /* CoreMotion.framework in Frameworks */ = {isa = PBXBuildFile; fileRef = 616E86E5207F4E9A0042B7AD /* CoreMotion.framework */; };
		616E86EA207F5DD70042B7AD /* WGWeiBoCaller.m in Sources */ = {isa = PBXBuildFile; fileRef = 616E86E9207F5DD70042B7AD /* WGWeiBoCaller.m */; };
		617C43402080444C0046615A /* UMMobClick.framework in Frameworks */ = {isa = PBXBuildFile; fileRef = 617C433F2080444C0046615A /* UMMobClick.framework */; };
		617C434B20804FC50046615A /* WGUser.m in Sources */ = {isa = PBXBuildFile; fileRef = 617C434A20804FC50046615A /* WGUser.m */; };
		617C4355208062100046615A /* WGShare.m in Sources */ = {isa = PBXBuildFile; fileRef = 617C4354208062100046615A /* WGShare.m */; };
		617C43582080623D0046615A /* WGImage.m in Sources */ = {isa = PBXBuildFile; fileRef = 617C43572080623D0046615A /* WGImage.m */; };
		617C435B208062770046615A /* WGAvatar.m in Sources */ = {isa = PBXBuildFile; fileRef = 617C435A208062770046615A /* WGAvatar.m */; };
		617C4367208090CE0046615A /* SocketRocketUtility.m in Sources */ = {isa = PBXBuildFile; fileRef = 617C4366208090CE0046615A /* SocketRocketUtility.m */; };
		617C436A2080A4620046615A /* NSObject+Manager.m in Sources */ = {isa = PBXBuildFile; fileRef = 617C43692080A4620046615A /* NSObject+Manager.m */; };
		617DDF7520847BF4002ED2A4 /* me_manage_account_bg@3x.png in Resources */ = {isa = PBXBuildFile; fileRef = 617DDF6620847BF3002ED2A4 /* me_manage_account_bg@3x.png */; };
		617DDF7620847BF4002ED2A4 /* nav_back_btn@2x.png in Resources */ = {isa = PBXBuildFile; fileRef = 617DDF6720847BF3002ED2A4 /* nav_back_btn@2x.png */; };
		617DDF7720847BF4002ED2A4 /* nav_back_btn@3x.png in Resources */ = {isa = PBXBuildFile; fileRef = 617DDF6820847BF3002ED2A4 /* nav_back_btn@3x.png */; };
		617DDF7820847BF4002ED2A4 /* tabbar_discovery_icon@2x.png in Resources */ = {isa = PBXBuildFile; fileRef = 617DDF6920847BF3002ED2A4 /* tabbar_discovery_icon@2x.png */; };
		617DDF7920847BF4002ED2A4 /* tabbar_discovery_icon@3x.png in Resources */ = {isa = PBXBuildFile; fileRef = 617DDF6A20847BF3002ED2A4 /* tabbar_discovery_icon@3x.png */; };
		617DDF7A20847BF4002ED2A4 /* tabbar_discovery_icon_selected@2x.png in Resources */ = {isa = PBXBuildFile; fileRef = 617DDF6B20847BF3002ED2A4 /* tabbar_discovery_icon_selected@2x.png */; };
		617DDF7B20847BF4002ED2A4 /* tabbar_discovery_icon_selected@3x.png in Resources */ = {isa = PBXBuildFile; fileRef = 617DDF6C20847BF3002ED2A4 /* tabbar_discovery_icon_selected@3x.png */; };
		617DDF7C20847BF4002ED2A4 /* tabbar_homepage_icon@2x.png in Resources */ = {isa = PBXBuildFile; fileRef = 617DDF6D20847BF3002ED2A4 /* tabbar_homepage_icon@2x.png */; };
		617DDF7D20847BF4002ED2A4 /* tabbar_homepage_icon@3x.png in Resources */ = {isa = PBXBuildFile; fileRef = 617DDF6E20847BF3002ED2A4 /* tabbar_homepage_icon@3x.png */; };
		617DDF7E20847BF4002ED2A4 /* tabbar_homepage_icon_selected@2x.png in Resources */ = {isa = PBXBuildFile; fileRef = 617DDF6F20847BF3002ED2A4 /* tabbar_homepage_icon_selected@2x.png */; };
		617DDF7F20847BF4002ED2A4 /* tabbar_homepage_icon_selected@3x.png in Resources */ = {isa = PBXBuildFile; fileRef = 617DDF7020847BF3002ED2A4 /* tabbar_homepage_icon_selected@3x.png */; };
		617DDF8020847BF4002ED2A4 /* tabbar_me_icon@2x.png in Resources */ = {isa = PBXBuildFile; fileRef = 617DDF7120847BF3002ED2A4 /* tabbar_me_icon@2x.png */; };
		617DDF8120847BF4002ED2A4 /* tabbar_me_icon@3x.png in Resources */ = {isa = PBXBuildFile; fileRef = 617DDF7220847BF3002ED2A4 /* tabbar_me_icon@3x.png */; };
		617DDF8220847BF4002ED2A4 /* tabbar_me_icon_selected@2x.png in Resources */ = {isa = PBXBuildFile; fileRef = 617DDF7320847BF3002ED2A4 /* tabbar_me_icon_selected@2x.png */; };
		617DDF8320847BF4002ED2A4 /* tabbar_me_icon_selected@3x.png in Resources */ = {isa = PBXBuildFile; fileRef = 617DDF7420847BF3002ED2A4 /* tabbar_me_icon_selected@3x.png */; };
		617DDF9120847C04002ED2A4 /* share_link_icon@2x.png in Resources */ = {isa = PBXBuildFile; fileRef = 617DDF8520847C04002ED2A4 /* share_link_icon@2x.png */; };
		617DDF9220847C04002ED2A4 /* share_link_icon@3x.png in Resources */ = {isa = PBXBuildFile; fileRef = 617DDF8620847C04002ED2A4 /* share_link_icon@3x.png */; };
		617DDF9320847C04002ED2A4 /* share_qq_icon@2x.png in Resources */ = {isa = PBXBuildFile; fileRef = 617DDF8720847C04002ED2A4 /* share_qq_icon@2x.png */; };
		617DDF9420847C04002ED2A4 /* share_qq_icon@3x.png in Resources */ = {isa = PBXBuildFile; fileRef = 617DDF8820847C04002ED2A4 /* share_qq_icon@3x.png */; };
		617DDF9520847C04002ED2A4 /* share_qqzone_icon@2x.png in Resources */ = {isa = PBXBuildFile; fileRef = 617DDF8920847C04002ED2A4 /* share_qqzone_icon@2x.png */; };
		617DDF9620847C04002ED2A4 /* share_qqzone_icon@3x.png in Resources */ = {isa = PBXBuildFile; fileRef = 617DDF8A20847C04002ED2A4 /* share_qqzone_icon@3x.png */; };
		617DDF9720847C04002ED2A4 /* share_weibo_icon@2x.png in Resources */ = {isa = PBXBuildFile; fileRef = 617DDF8B20847C04002ED2A4 /* share_weibo_icon@2x.png */; };
		617DDF9820847C04002ED2A4 /* share_weibo_icon@3x.png in Resources */ = {isa = PBXBuildFile; fileRef = 617DDF8C20847C04002ED2A4 /* share_weibo_icon@3x.png */; };
		617DDF9920847C04002ED2A4 /* share_weixin_icon@2x.png in Resources */ = {isa = PBXBuildFile; fileRef = 617DDF8D20847C04002ED2A4 /* share_weixin_icon@2x.png */; };
		617DDF9A20847C04002ED2A4 /* share_weixin_icon@3x.png in Resources */ = {isa = PBXBuildFile; fileRef = 617DDF8E20847C04002ED2A4 /* share_weixin_icon@3x.png */; };
		617DDF9B20847C04002ED2A4 /* share_weixinquest_icon@2x.png in Resources */ = {isa = PBXBuildFile; fileRef = 617DDF8F20847C04002ED2A4 /* share_weixinquest_icon@2x.png */; };
		617DDF9C20847C04002ED2A4 /* share_weixinquest_icon@3x.png in Resources */ = {isa = PBXBuildFile; fileRef = 617DDF9020847C04002ED2A4 /* share_weixinquest_icon@3x.png */; };
/* End PBXBuildFile section */

/* Begin PBXContainerItemProxy section */
		164F64FA203EA14100E14A68 /* PBXContainerItemProxy */ = {
			isa = PBXContainerItemProxy;
			containerPortal = 164F64D9203EA14000E14A68 /* Project object */;
			proxyType = 1;
			remoteGlobalIDString = 164F64E0203EA14000E14A68;
			remoteInfo = factory;
		};
		164F6505203EA14100E14A68 /* PBXContainerItemProxy */ = {
			isa = PBXContainerItemProxy;
			containerPortal = 164F64D9203EA14000E14A68 /* Project object */;
			proxyType = 1;
			remoteGlobalIDString = 164F64E0203EA14000E14A68;
			remoteInfo = factory;
		};
/* End PBXContainerItemProxy section */

/* Begin PBXFileReference section */
		16190B42204636DA00214999 /* FirstViewController.h */ = {isa = PBXFileReference; lastKnownFileType = sourcecode.c.h; name = FirstViewController.h; path = DiscoveryModule/FirstViewController.h; sourceTree = "<group>"; };
		16190B43204636DA00214999 /* FirstViewController.m */ = {isa = PBXFileReference; lastKnownFileType = sourcecode.c.objc; name = FirstViewController.m; path = DiscoveryModule/FirstViewController.m; sourceTree = "<group>"; };
		16190B45204636E700214999 /* SecondViewController.h */ = {isa = PBXFileReference; lastKnownFileType = sourcecode.c.h; path = SecondViewController.h; sourceTree = "<group>"; };
		16190B46204636E700214999 /* SecondViewController.m */ = {isa = PBXFileReference; lastKnownFileType = sourcecode.c.objc; path = SecondViewController.m; sourceTree = "<group>"; };
		16190B48204636F700214999 /* ThirdViewController.h */ = {isa = PBXFileReference; lastKnownFileType = sourcecode.c.h; path = ThirdViewController.h; sourceTree = "<group>"; };
		16190B49204636F700214999 /* ThirdViewController.m */ = {isa = PBXFileReference; lastKnownFileType = sourcecode.c.objc; path = ThirdViewController.m; sourceTree = "<group>"; };
		1646D6FC20511B61009B2A09 /* NextViewController.h */ = {isa = PBXFileReference; lastKnownFileType = sourcecode.c.h; path = NextViewController.h; sourceTree = "<group>"; };
		1646D6FD20511B61009B2A09 /* NextViewController.m */ = {isa = PBXFileReference; lastKnownFileType = sourcecode.c.objc; path = NextViewController.m; sourceTree = "<group>"; };
		1646D6FF2051270F009B2A09 /* WGNavigationController.h */ = {isa = PBXFileReference; lastKnownFileType = sourcecode.c.h; path = WGNavigationController.h; sourceTree = "<group>"; };
		1646D7002051270F009B2A09 /* WGNavigationController.m */ = {isa = PBXFileReference; lastKnownFileType = sourcecode.c.objc; path = WGNavigationController.m; sourceTree = "<group>"; };
		1646D70520512F20009B2A09 /* KeyboardViewController.h */ = {isa = PBXFileReference; lastKnownFileType = sourcecode.c.h; path = KeyboardViewController.h; sourceTree = "<group>"; };
		1646D70620512F20009B2A09 /* KeyboardViewController.m */ = {isa = PBXFileReference; lastKnownFileType = sourcecode.c.objc; path = KeyboardViewController.m; sourceTree = "<group>"; };
		1646D70820512FDE009B2A09 /* KeyboardViewController.xib */ = {isa = PBXFileReference; lastKnownFileType = file.xib; path = KeyboardViewController.xib; sourceTree = "<group>"; };
		164F64E1203EA14000E14A68 /* factory.app */ = {isa = PBXFileReference; explicitFileType = wrapper.application; includeInIndex = 0; path = factory.app; sourceTree = BUILT_PRODUCTS_DIR; };
		164F64E4203EA14000E14A68 /* AppDelegate.h */ = {isa = PBXFileReference; lastKnownFileType = sourcecode.c.h; path = AppDelegate.h; sourceTree = "<group>"; };
		164F64E5203EA14000E14A68 /* AppDelegate.m */ = {isa = PBXFileReference; lastKnownFileType = sourcecode.c.objc; path = AppDelegate.m; sourceTree = "<group>"; };
		164F64EB203EA14000E14A68 /* Base */ = {isa = PBXFileReference; lastKnownFileType = file.storyboard; name = Base; path = Base.lproj/Main.storyboard; sourceTree = "<group>"; };
		164F64ED203EA14000E14A68 /* Assets.xcassets */ = {isa = PBXFileReference; lastKnownFileType = folder.assetcatalog; path = Assets.xcassets; sourceTree = "<group>"; };
		164F64F0203EA14000E14A68 /* Base */ = {isa = PBXFileReference; lastKnownFileType = file.storyboard; name = Base; path = Base.lproj/LaunchScreen.storyboard; sourceTree = "<group>"; };
		164F64F2203EA14000E14A68 /* Info.plist */ = {isa = PBXFileReference; lastKnownFileType = text.plist.xml; path = Info.plist; sourceTree = "<group>"; };
		164F64F3203EA14000E14A68 /* main.m */ = {isa = PBXFileReference; lastKnownFileType = sourcecode.c.objc; path = main.m; sourceTree = "<group>"; };
		164F64F9203EA14100E14A68 /* factoryTests.xctest */ = {isa = PBXFileReference; explicitFileType = wrapper.cfbundle; includeInIndex = 0; path = factoryTests.xctest; sourceTree = BUILT_PRODUCTS_DIR; };
		164F64FD203EA14100E14A68 /* factoryTests.m */ = {isa = PBXFileReference; lastKnownFileType = sourcecode.c.objc; path = factoryTests.m; sourceTree = "<group>"; };
		164F64FF203EA14100E14A68 /* Info.plist */ = {isa = PBXFileReference; lastKnownFileType = text.plist.xml; path = Info.plist; sourceTree = "<group>"; };
		164F6504203EA14100E14A68 /* factoryUITests.xctest */ = {isa = PBXFileReference; explicitFileType = wrapper.cfbundle; includeInIndex = 0; path = factoryUITests.xctest; sourceTree = BUILT_PRODUCTS_DIR; };
		164F6508203EA14100E14A68 /* factoryUITests.m */ = {isa = PBXFileReference; lastKnownFileType = sourcecode.c.objc; path = factoryUITests.m; sourceTree = "<group>"; };
		164F650A203EA14100E14A68 /* Info.plist */ = {isa = PBXFileReference; lastKnownFileType = text.plist.xml; path = Info.plist; sourceTree = "<group>"; };
		164F651B203EB08200E14A68 /* define.h */ = {isa = PBXFileReference; lastKnownFileType = sourcecode.c.h; path = define.h; sourceTree = "<group>"; };
		164F651C203EB0E700E14A68 /* PrefixHeader.pch */ = {isa = PBXFileReference; lastKnownFileType = sourcecode.c.h; path = PrefixHeader.pch; sourceTree = "<group>"; };
		16B22FB4203FDF3600F2037A /* HTTPClient.h */ = {isa = PBXFileReference; lastKnownFileType = sourcecode.c.h; path = HTTPClient.h; sourceTree = "<group>"; };
		16B22FB5203FDF3600F2037A /* HTTPClient.m */ = {isa = PBXFileReference; lastKnownFileType = sourcecode.c.objc; path = HTTPClient.m; sourceTree = "<group>"; };
		16C2495020439082000C4471 /* WGScrollView.h */ = {isa = PBXFileReference; lastKnownFileType = sourcecode.c.h; path = WGScrollView.h; sourceTree = "<group>"; };
		16C2495120439082000C4471 /* WGScrollView.m */ = {isa = PBXFileReference; lastKnownFileType = sourcecode.c.objc; path = WGScrollView.m; sourceTree = "<group>"; };
		16C2495320439144000C4471 /* WGViewController.h */ = {isa = PBXFileReference; lastKnownFileType = sourcecode.c.h; path = WGViewController.h; sourceTree = "<group>"; };
		16C2495420439144000C4471 /* WGViewController.m */ = {isa = PBXFileReference; lastKnownFileType = sourcecode.c.objc; path = WGViewController.m; sourceTree = "<group>"; };
		16C249572043936B000C4471 /* UIColor+WGColor.h */ = {isa = PBXFileReference; lastKnownFileType = sourcecode.c.h; path = "UIColor+WGColor.h"; sourceTree = "<group>"; };
		16C249582043936B000C4471 /* UIColor+WGColor.m */ = {isa = PBXFileReference; lastKnownFileType = sourcecode.c.objc; path = "UIColor+WGColor.m"; sourceTree = "<group>"; };
		16C2495A2043944D000C4471 /* UIImage+Common.h */ = {isa = PBXFileReference; lastKnownFileType = sourcecode.c.h; path = "UIImage+Common.h"; sourceTree = "<group>"; };
		16C2495B2043944D000C4471 /* UIImage+Common.m */ = {isa = PBXFileReference; lastKnownFileType = sourcecode.c.objc; path = "UIImage+Common.m"; sourceTree = "<group>"; };
		16C2495D2043961D000C4471 /* UIView+Common.h */ = {isa = PBXFileReference; lastKnownFileType = sourcecode.c.h; path = "UIView+Common.h"; sourceTree = "<group>"; };
		16C2495E2043961D000C4471 /* UIView+Common.m */ = {isa = PBXFileReference; lastKnownFileType = sourcecode.c.objc; path = "UIView+Common.m"; sourceTree = "<group>"; };
		16C249602043E83A000C4471 /* AppDelegate+RegisterThirdParty.h */ = {isa = PBXFileReference; lastKnownFileType = sourcecode.c.h; path = "AppDelegate+RegisterThirdParty.h"; sourceTree = "<group>"; };
		16C249612043E83A000C4471 /* AppDelegate+RegisterThirdParty.m */ = {isa = PBXFileReference; lastKnownFileType = sourcecode.c.objc; path = "AppDelegate+RegisterThirdParty.m"; sourceTree = "<group>"; };
		2308DB06B4B3A64999742163 /* Pods-factory.release.xcconfig */ = {isa = PBXFileReference; includeInIndex = 1; lastKnownFileType = text.xcconfig; name = "Pods-factory.release.xcconfig"; path = "Pods/Target Support Files/Pods-factory/Pods-factory.release.xcconfig"; sourceTree = "<group>"; };
		6106128E2079F553006D333D /* WGResponse.h */ = {isa = PBXFileReference; lastKnownFileType = sourcecode.c.h; path = WGResponse.h; sourceTree = "<group>"; };
		6106128F2079F553006D333D /* WGResponse.m */ = {isa = PBXFileReference; lastKnownFileType = sourcecode.c.objc; path = WGResponse.m; sourceTree = "<group>"; };
		610612912079FC01006D333D /* NSObject+Notification.h */ = {isa = PBXFileReference; lastKnownFileType = sourcecode.c.h; path = "NSObject+Notification.h"; sourceTree = "<group>"; };
		610612922079FC01006D333D /* NSObject+Notification.m */ = {isa = PBXFileReference; lastKnownFileType = sourcecode.c.objc; path = "NSObject+Notification.m"; sourceTree = "<group>"; };
		610612942079FF3B006D333D /* WGEnum.h */ = {isa = PBXFileReference; lastKnownFileType = sourcecode.c.h; path = WGEnum.h; sourceTree = "<group>"; };
		610612952079FF3B006D333D /* WGEnum.m */ = {isa = PBXFileReference; lastKnownFileType = sourcecode.c.objc; path = WGEnum.m; sourceTree = "<group>"; };
		6106129C207A0296006D333D /* TAlertView.h */ = {isa = PBXFileReference; fileEncoding = 4; lastKnownFileType = sourcecode.c.h; path = TAlertView.h; sourceTree = "<group>"; };
		6106129D207A0296006D333D /* TAlertView.m */ = {isa = PBXFileReference; fileEncoding = 4; lastKnownFileType = sourcecode.c.objc; path = TAlertView.m; sourceTree = "<group>"; };
		6106129F207A0408006D333D /* WGUtil.h */ = {isa = PBXFileReference; lastKnownFileType = sourcecode.c.h; path = WGUtil.h; sourceTree = "<group>"; };
		610612A0207A0408006D333D /* WGUtil.m */ = {isa = PBXFileReference; lastKnownFileType = sourcecode.c.objc; path = WGUtil.m; sourceTree = "<group>"; };
		6113CC8B2085C1A600CC18E1 /* WelcomeViewController.h */ = {isa = PBXFileReference; fileEncoding = 4; lastKnownFileType = sourcecode.c.h; path = WelcomeViewController.h; sourceTree = "<group>"; };
		6113CC8C2085C1A600CC18E1 /* WelcomeViewController.m */ = {isa = PBXFileReference; fileEncoding = 4; lastKnownFileType = sourcecode.c.objc; path = WelcomeViewController.m; sourceTree = "<group>"; };
		6113CC8D2085C1A600CC18E1 /* WelcomeViewController.xib */ = {isa = PBXFileReference; fileEncoding = 4; lastKnownFileType = file.xib; path = WelcomeViewController.xib; sourceTree = "<group>"; };
		6148F720207C5453002816A0 /* WGSharedData.h */ = {isa = PBXFileReference; lastKnownFileType = sourcecode.c.h; path = WGSharedData.h; sourceTree = "<group>"; };
		6148F721207C5453002816A0 /* WGSharedData.m */ = {isa = PBXFileReference; lastKnownFileType = sourcecode.c.objc; path = WGSharedData.m; sourceTree = "<group>"; };
		6148F726207C56B7002816A0 /* WGSharedMacr.h */ = {isa = PBXFileReference; lastKnownFileType = sourcecode.c.h; path = WGSharedMacr.h; sourceTree = "<group>"; };
		6148F727207C56B7002816A0 /* WGSharedMacr.m */ = {isa = PBXFileReference; lastKnownFileType = sourcecode.c.objc; path = WGSharedMacr.m; sourceTree = "<group>"; };
		616548FA20849E28004E2E5E /* WGSharePublishCollectionCell.h */ = {isa = PBXFileReference; fileEncoding = 4; lastKnownFileType = sourcecode.c.h; path = WGSharePublishCollectionCell.h; sourceTree = "<group>"; };
		616548FB20849E28004E2E5E /* WGSharePublishCollectionCell.m */ = {isa = PBXFileReference; fileEncoding = 4; lastKnownFileType = sourcecode.c.objc; path = WGSharePublishCollectionCell.m; sourceTree = "<group>"; };
		616548FC20849E28004E2E5E /* WGShareView.h */ = {isa = PBXFileReference; fileEncoding = 4; lastKnownFileType = sourcecode.c.h; path = WGShareView.h; sourceTree = "<group>"; };
		616548FD20849E28004E2E5E /* WGShareView.m */ = {isa = PBXFileReference; fileEncoding = 4; lastKnownFileType = sourcecode.c.objc; path = WGShareView.m; sourceTree = "<group>"; };
		6165490020849E91004E2E5E /* WGNoContentView.h */ = {isa = PBXFileReference; lastKnownFileType = sourcecode.c.h; path = WGNoContentView.h; sourceTree = "<group>"; };
		6165490120849E91004E2E5E /* WGNoContentView.m */ = {isa = PBXFileReference; lastKnownFileType = sourcecode.c.objc; path = WGNoContentView.m; sourceTree = "<group>"; };
		616549032084A00D004E2E5E /* WGBaseTableView.h */ = {isa = PBXFileReference; lastKnownFileType = sourcecode.c.h; path = WGBaseTableView.h; sourceTree = "<group>"; };
		616549042084A00D004E2E5E /* WGBaseTableView.m */ = {isa = PBXFileReference; lastKnownFileType = sourcecode.c.objc; path = WGBaseTableView.m; sourceTree = "<group>"; };
		616E86B2207F3C9E0042B7AD /* WGWeiXiner.h */ = {isa = PBXFileReference; lastKnownFileType = sourcecode.c.h; path = WGWeiXiner.h; sourceTree = "<group>"; };
		616E86B3207F3C9E0042B7AD /* WGWeiXiner.m */ = {isa = PBXFileReference; lastKnownFileType = sourcecode.c.objc; path = WGWeiXiner.m; sourceTree = "<group>"; };
		616E86B5207F3CE90042B7AD /* WGWeiXinPay.h */ = {isa = PBXFileReference; lastKnownFileType = sourcecode.c.h; path = WGWeiXinPay.h; sourceTree = "<group>"; };
		616E86B6207F3CE90042B7AD /* WGWeiXinPay.m */ = {isa = PBXFileReference; lastKnownFileType = sourcecode.c.objc; path = WGWeiXinPay.m; sourceTree = "<group>"; };
		616E86B8207F3D250042B7AD /* WGWeiXinCaller.h */ = {isa = PBXFileReference; lastKnownFileType = sourcecode.c.h; path = WGWeiXinCaller.h; sourceTree = "<group>"; };
		616E86B9207F3D250042B7AD /* WGWeiXinCaller.m */ = {isa = PBXFileReference; lastKnownFileType = sourcecode.c.objc; path = WGWeiXinCaller.m; sourceTree = "<group>"; };
		616E86C2207F42830042B7AD /* TencentOpenApi_IOS_Bundle.bundle */ = {isa = PBXFileReference; lastKnownFileType = "wrapper.plug-in"; path = TencentOpenApi_IOS_Bundle.bundle; sourceTree = "<group>"; };
		616E86C3207F42830042B7AD /* TencentOpenAPI.framework */ = {isa = PBXFileReference; lastKnownFileType = wrapper.framework; path = TencentOpenAPI.framework; sourceTree = "<group>"; };
		616E86C6207F43140042B7AD /* WGQQCaller.h */ = {isa = PBXFileReference; lastKnownFileType = sourcecode.c.h; path = WGQQCaller.h; sourceTree = "<group>"; };
		616E86C7207F43140042B7AD /* WGQQCaller.m */ = {isa = PBXFileReference; lastKnownFileType = sourcecode.c.objc; path = WGQQCaller.m; sourceTree = "<group>"; };
		616E86CA207F4AE60042B7AD /* AlipaySDK.bundle */ = {isa = PBXFileReference; lastKnownFileType = "wrapper.plug-in"; path = AlipaySDK.bundle; sourceTree = "<group>"; };
		616E86CB207F4AE60042B7AD /* AlipaySDK.framework */ = {isa = PBXFileReference; lastKnownFileType = wrapper.framework; path = AlipaySDK.framework; sourceTree = "<group>"; };
		616E86CE207F4B390042B7AD /* WGAlipayCaller.h */ = {isa = PBXFileReference; lastKnownFileType = sourcecode.c.h; path = WGAlipayCaller.h; sourceTree = "<group>"; };
		616E86CF207F4B390042B7AD /* WGAlipayCaller.m */ = {isa = PBXFileReference; lastKnownFileType = sourcecode.c.objc; path = WGAlipayCaller.m; sourceTree = "<group>"; };
		616E86D1207F4E3B0042B7AD /* libc++.tbd */ = {isa = PBXFileReference; lastKnownFileType = "sourcecode.text-based-dylib-definition"; name = "libc++.tbd"; path = "usr/lib/libc++.tbd"; sourceTree = SDKROOT; };
		616E86D3207F4E460042B7AD /* libz.tbd */ = {isa = PBXFileReference; lastKnownFileType = "sourcecode.text-based-dylib-definition"; name = libz.tbd; path = usr/lib/libz.tbd; sourceTree = SDKROOT; };
		616E86D5207F4E4F0042B7AD /* SystemConfiguration.framework */ = {isa = PBXFileReference; lastKnownFileType = wrapper.framework; name = SystemConfiguration.framework; path = System/Library/Frameworks/SystemConfiguration.framework; sourceTree = SDKROOT; };
		616E86D7207F4E560042B7AD /* CoreTelephony.framework */ = {isa = PBXFileReference; lastKnownFileType = wrapper.framework; name = CoreTelephony.framework; path = System/Library/Frameworks/CoreTelephony.framework; sourceTree = SDKROOT; };
		616E86D9207F4E5D0042B7AD /* QuartzCore.framework */ = {isa = PBXFileReference; lastKnownFileType = wrapper.framework; name = QuartzCore.framework; path = System/Library/Frameworks/QuartzCore.framework; sourceTree = SDKROOT; };
		616E86DB207F4E670042B7AD /* CoreText.framework */ = {isa = PBXFileReference; lastKnownFileType = wrapper.framework; name = CoreText.framework; path = System/Library/Frameworks/CoreText.framework; sourceTree = SDKROOT; };
		616E86DD207F4E710042B7AD /* CoreGraphics.framework */ = {isa = PBXFileReference; lastKnownFileType = wrapper.framework; name = CoreGraphics.framework; path = System/Library/Frameworks/CoreGraphics.framework; sourceTree = SDKROOT; };
		616E86DF207F4E770042B7AD /* UIKit.framework */ = {isa = PBXFileReference; lastKnownFileType = wrapper.framework; name = UIKit.framework; path = System/Library/Frameworks/UIKit.framework; sourceTree = SDKROOT; };
		616E86E1207F4E850042B7AD /* Foundation.framework */ = {isa = PBXFileReference; lastKnownFileType = wrapper.framework; name = Foundation.framework; path = System/Library/Frameworks/Foundation.framework; sourceTree = SDKROOT; };
		616E86E3207F4E8D0042B7AD /* CFNetwork.framework */ = {isa = PBXFileReference; lastKnownFileType = wrapper.framework; name = CFNetwork.framework; path = System/Library/Frameworks/CFNetwork.framework; sourceTree = SDKROOT; };
		616E86E5207F4E9A0042B7AD /* CoreMotion.framework */ = {isa = PBXFileReference; lastKnownFileType = wrapper.framework; name = CoreMotion.framework; path = System/Library/Frameworks/CoreMotion.framework; sourceTree = SDKROOT; };
		616E86E8207F5DD70042B7AD /* WGWeiBoCaller.h */ = {isa = PBXFileReference; lastKnownFileType = sourcecode.c.h; path = WGWeiBoCaller.h; sourceTree = "<group>"; };
		616E86E9207F5DD70042B7AD /* WGWeiBoCaller.m */ = {isa = PBXFileReference; lastKnownFileType = sourcecode.c.objc; path = WGWeiBoCaller.m; sourceTree = "<group>"; };
		617C433F2080444C0046615A /* UMMobClick.framework */ = {isa = PBXFileReference; lastKnownFileType = wrapper.framework; path = UMMobClick.framework; sourceTree = "<group>"; };
		617C434920804FC50046615A /* WGUser.h */ = {isa = PBXFileReference; fileEncoding = 4; lastKnownFileType = sourcecode.c.h; path = WGUser.h; sourceTree = "<group>"; };
		617C434A20804FC50046615A /* WGUser.m */ = {isa = PBXFileReference; fileEncoding = 4; lastKnownFileType = sourcecode.c.objc; path = WGUser.m; sourceTree = "<group>"; };
		617C4353208062100046615A /* WGShare.h */ = {isa = PBXFileReference; lastKnownFileType = sourcecode.c.h; path = WGShare.h; sourceTree = "<group>"; };
		617C4354208062100046615A /* WGShare.m */ = {isa = PBXFileReference; lastKnownFileType = sourcecode.c.objc; path = WGShare.m; sourceTree = "<group>"; };
		617C43562080623D0046615A /* WGImage.h */ = {isa = PBXFileReference; lastKnownFileType = sourcecode.c.h; path = WGImage.h; sourceTree = "<group>"; };
		617C43572080623D0046615A /* WGImage.m */ = {isa = PBXFileReference; lastKnownFileType = sourcecode.c.objc; path = WGImage.m; sourceTree = "<group>"; };
		617C4359208062770046615A /* WGAvatar.h */ = {isa = PBXFileReference; lastKnownFileType = sourcecode.c.h; path = WGAvatar.h; sourceTree = "<group>"; };
		617C435A208062770046615A /* WGAvatar.m */ = {isa = PBXFileReference; lastKnownFileType = sourcecode.c.objc; path = WGAvatar.m; sourceTree = "<group>"; };
		617C4365208090CE0046615A /* SocketRocketUtility.h */ = {isa = PBXFileReference; lastKnownFileType = sourcecode.c.h; path = SocketRocketUtility.h; sourceTree = "<group>"; };
		617C4366208090CE0046615A /* SocketRocketUtility.m */ = {isa = PBXFileReference; lastKnownFileType = sourcecode.c.objc; path = SocketRocketUtility.m; sourceTree = "<group>"; };
		617C43682080A4620046615A /* NSObject+Manager.h */ = {isa = PBXFileReference; lastKnownFileType = sourcecode.c.h; path = "NSObject+Manager.h"; sourceTree = "<group>"; };
		617C43692080A4620046615A /* NSObject+Manager.m */ = {isa = PBXFileReference; lastKnownFileType = sourcecode.c.objc; path = "NSObject+Manager.m"; sourceTree = "<group>"; };
		617DDF6620847BF3002ED2A4 /* me_manage_account_bg@3x.png */ = {isa = PBXFileReference; lastKnownFileType = image.png; path = "me_manage_account_bg@3x.png"; sourceTree = "<group>"; };
		617DDF6720847BF3002ED2A4 /* nav_back_btn@2x.png */ = {isa = PBXFileReference; lastKnownFileType = image.png; path = "nav_back_btn@2x.png"; sourceTree = "<group>"; };
		617DDF6820847BF3002ED2A4 /* nav_back_btn@3x.png */ = {isa = PBXFileReference; lastKnownFileType = image.png; path = "nav_back_btn@3x.png"; sourceTree = "<group>"; };
		617DDF6920847BF3002ED2A4 /* tabbar_discovery_icon@2x.png */ = {isa = PBXFileReference; lastKnownFileType = image.png; path = "tabbar_discovery_icon@2x.png"; sourceTree = "<group>"; };
		617DDF6A20847BF3002ED2A4 /* tabbar_discovery_icon@3x.png */ = {isa = PBXFileReference; lastKnownFileType = image.png; path = "tabbar_discovery_icon@3x.png"; sourceTree = "<group>"; };
		617DDF6B20847BF3002ED2A4 /* tabbar_discovery_icon_selected@2x.png */ = {isa = PBXFileReference; lastKnownFileType = image.png; path = "tabbar_discovery_icon_selected@2x.png"; sourceTree = "<group>"; };
		617DDF6C20847BF3002ED2A4 /* tabbar_discovery_icon_selected@3x.png */ = {isa = PBXFileReference; lastKnownFileType = image.png; path = "tabbar_discovery_icon_selected@3x.png"; sourceTree = "<group>"; };
		617DDF6D20847BF3002ED2A4 /* tabbar_homepage_icon@2x.png */ = {isa = PBXFileReference; lastKnownFileType = image.png; path = "tabbar_homepage_icon@2x.png"; sourceTree = "<group>"; };
		617DDF6E20847BF3002ED2A4 /* tabbar_homepage_icon@3x.png */ = {isa = PBXFileReference; lastKnownFileType = image.png; path = "tabbar_homepage_icon@3x.png"; sourceTree = "<group>"; };
		617DDF6F20847BF3002ED2A4 /* tabbar_homepage_icon_selected@2x.png */ = {isa = PBXFileReference; lastKnownFileType = image.png; path = "tabbar_homepage_icon_selected@2x.png"; sourceTree = "<group>"; };
		617DDF7020847BF3002ED2A4 /* tabbar_homepage_icon_selected@3x.png */ = {isa = PBXFileReference; lastKnownFileType = image.png; path = "tabbar_homepage_icon_selected@3x.png"; sourceTree = "<group>"; };
		617DDF7120847BF3002ED2A4 /* tabbar_me_icon@2x.png */ = {isa = PBXFileReference; lastKnownFileType = image.png; path = "tabbar_me_icon@2x.png"; sourceTree = "<group>"; };
		617DDF7220847BF3002ED2A4 /* tabbar_me_icon@3x.png */ = {isa = PBXFileReference; lastKnownFileType = image.png; path = "tabbar_me_icon@3x.png"; sourceTree = "<group>"; };
		617DDF7320847BF3002ED2A4 /* tabbar_me_icon_selected@2x.png */ = {isa = PBXFileReference; lastKnownFileType = image.png; path = "tabbar_me_icon_selected@2x.png"; sourceTree = "<group>"; };
		617DDF7420847BF3002ED2A4 /* tabbar_me_icon_selected@3x.png */ = {isa = PBXFileReference; lastKnownFileType = image.png; path = "tabbar_me_icon_selected@3x.png"; sourceTree = "<group>"; };
		617DDF8520847C04002ED2A4 /* share_link_icon@2x.png */ = {isa = PBXFileReference; lastKnownFileType = image.png; path = "share_link_icon@2x.png"; sourceTree = "<group>"; };
		617DDF8620847C04002ED2A4 /* share_link_icon@3x.png */ = {isa = PBXFileReference; lastKnownFileType = image.png; path = "share_link_icon@3x.png"; sourceTree = "<group>"; };
		617DDF8720847C04002ED2A4 /* share_qq_icon@2x.png */ = {isa = PBXFileReference; lastKnownFileType = image.png; path = "share_qq_icon@2x.png"; sourceTree = "<group>"; };
		617DDF8820847C04002ED2A4 /* share_qq_icon@3x.png */ = {isa = PBXFileReference; lastKnownFileType = image.png; path = "share_qq_icon@3x.png"; sourceTree = "<group>"; };
		617DDF8920847C04002ED2A4 /* share_qqzone_icon@2x.png */ = {isa = PBXFileReference; lastKnownFileType = image.png; path = "share_qqzone_icon@2x.png"; sourceTree = "<group>"; };
		617DDF8A20847C04002ED2A4 /* share_qqzone_icon@3x.png */ = {isa = PBXFileReference; lastKnownFileType = image.png; path = "share_qqzone_icon@3x.png"; sourceTree = "<group>"; };
		617DDF8B20847C04002ED2A4 /* share_weibo_icon@2x.png */ = {isa = PBXFileReference; lastKnownFileType = image.png; path = "share_weibo_icon@2x.png"; sourceTree = "<group>"; };
		617DDF8C20847C04002ED2A4 /* share_weibo_icon@3x.png */ = {isa = PBXFileReference; lastKnownFileType = image.png; path = "share_weibo_icon@3x.png"; sourceTree = "<group>"; };
		617DDF8D20847C04002ED2A4 /* share_weixin_icon@2x.png */ = {isa = PBXFileReference; lastKnownFileType = image.png; path = "share_weixin_icon@2x.png"; sourceTree = "<group>"; };
		617DDF8E20847C04002ED2A4 /* share_weixin_icon@3x.png */ = {isa = PBXFileReference; lastKnownFileType = image.png; path = "share_weixin_icon@3x.png"; sourceTree = "<group>"; };
		617DDF8F20847C04002ED2A4 /* share_weixinquest_icon@2x.png */ = {isa = PBXFileReference; lastKnownFileType = image.png; path = "share_weixinquest_icon@2x.png"; sourceTree = "<group>"; };
		617DDF9020847C04002ED2A4 /* share_weixinquest_icon@3x.png */ = {isa = PBXFileReference; lastKnownFileType = image.png; path = "share_weixinquest_icon@3x.png"; sourceTree = "<group>"; };
		7AC4E8AB7C837B229B019898 /* Pods-factory.debug.xcconfig */ = {isa = PBXFileReference; includeInIndex = 1; lastKnownFileType = text.xcconfig; name = "Pods-factory.debug.xcconfig"; path = "Pods/Target Support Files/Pods-factory/Pods-factory.debug.xcconfig"; sourceTree = "<group>"; };
		D1EF45937BAA5233F3BB9028 /* libPods-factory.a */ = {isa = PBXFileReference; explicitFileType = archive.ar; includeInIndex = 0; path = "libPods-factory.a"; sourceTree = BUILT_PRODUCTS_DIR; };
/* End PBXFileReference section */

/* Begin PBXFrameworksBuildPhase section */
		164F64DE203EA14000E14A68 /* Frameworks */ = {
			isa = PBXFrameworksBuildPhase;
			buildActionMask = 2147483647;
			files = (
				616E86E6207F4E9A0042B7AD /* CoreMotion.framework in Frameworks */,
				616E86E4207F4E8D0042B7AD /* CFNetwork.framework in Frameworks */,
				616E86E2207F4E850042B7AD /* Foundation.framework in Frameworks */,
				616E86E0207F4E770042B7AD /* UIKit.framework in Frameworks */,
				616E86DE207F4E710042B7AD /* CoreGraphics.framework in Frameworks */,
				616E86DC207F4E670042B7AD /* CoreText.framework in Frameworks */,
				616E86DA207F4E5D0042B7AD /* QuartzCore.framework in Frameworks */,
				616E86D8207F4E560042B7AD /* CoreTelephony.framework in Frameworks */,
				616E86D6207F4E4F0042B7AD /* SystemConfiguration.framework in Frameworks */,
				616E86D4207F4E460042B7AD /* libz.tbd in Frameworks */,
				616E86D2207F4E3B0042B7AD /* libc++.tbd in Frameworks */,
				335E695D4CD7BE9BCF775C36 /* libPods-factory.a in Frameworks */,
				617C43402080444C0046615A /* UMMobClick.framework in Frameworks */,
				616E86C5207F42830042B7AD /* TencentOpenAPI.framework in Frameworks */,
				616E86CD207F4AE60042B7AD /* AlipaySDK.framework in Frameworks */,
			);
			runOnlyForDeploymentPostprocessing = 0;
		};
		164F64F6203EA14100E14A68 /* Frameworks */ = {
			isa = PBXFrameworksBuildPhase;
			buildActionMask = 2147483647;
			files = (
			);
			runOnlyForDeploymentPostprocessing = 0;
		};
		164F6501203EA14100E14A68 /* Frameworks */ = {
			isa = PBXFrameworksBuildPhase;
			buildActionMask = 2147483647;
			files = (
			);
			runOnlyForDeploymentPostprocessing = 0;
		};
/* End PBXFrameworksBuildPhase section */

/* Begin PBXGroup section */
		164F64D8203EA14000E14A68 = {
			isa = PBXGroup;
			children = (
				164F64E3203EA14000E14A68 /* factory */,
				164F64FC203EA14100E14A68 /* factoryTests */,
				164F6507203EA14100E14A68 /* factoryUITests */,
				164F64E2203EA14000E14A68 /* Products */,
				AFD249354252DB012FBF2AE6 /* Pods */,
				1CBD8C197BDE6523326566E7 /* Frameworks */,
			);
			sourceTree = "<group>";
		};
		164F64E2203EA14000E14A68 /* Products */ = {
			isa = PBXGroup;
			children = (
				164F64E1203EA14000E14A68 /* factory.app */,
				164F64F9203EA14100E14A68 /* factoryTests.xctest */,
				164F6504203EA14100E14A68 /* factoryUITests.xctest */,
			);
			name = Products;
			sourceTree = "<group>";
		};
		164F64E3203EA14000E14A68 /* factory */ = {
			isa = PBXGroup;
			children = (
				164F64E4203EA14000E14A68 /* AppDelegate.h */,
				164F64E5203EA14000E14A68 /* AppDelegate.m */,
				16C249602043E83A000C4471 /* AppDelegate+RegisterThirdParty.h */,
				16C249612043E83A000C4471 /* AppDelegate+RegisterThirdParty.m */,
				616E86B1207F3C7B0042B7AD /* BaseModel */,
				164F651A203EB04900E14A68 /* Resources */,
				164F6519203EB03C00E14A68 /* Modules */,
				164F6518203EB03300E14A68 /* NetWorkManager */,
				164F6517203EB02500E14A68 /* Tools */,
				616548F920849E28004E2E5E /* Commons */,
				164F64EA203EA14000E14A68 /* Main.storyboard */,
				164F64ED203EA14000E14A68 /* Assets.xcassets */,
				164F64EF203EA14000E14A68 /* LaunchScreen.storyboard */,
				164F64F2203EA14000E14A68 /* Info.plist */,
				164F651B203EB08200E14A68 /* define.h */,
				164F651C203EB0E700E14A68 /* PrefixHeader.pch */,
				164F64F3203EA14000E14A68 /* main.m */,
			);
			path = factory;
			sourceTree = "<group>";
		};
		164F64FC203EA14100E14A68 /* factoryTests */ = {
			isa = PBXGroup;
			children = (
				164F64FD203EA14100E14A68 /* factoryTests.m */,
				164F64FF203EA14100E14A68 /* Info.plist */,
			);
			path = factoryTests;
			sourceTree = "<group>";
		};
		164F6507203EA14100E14A68 /* factoryUITests */ = {
			isa = PBXGroup;
			children = (
				164F6508203EA14100E14A68 /* factoryUITests.m */,
				164F650A203EA14100E14A68 /* Info.plist */,
			);
			path = factoryUITests;
			sourceTree = "<group>";
		};
		164F6517203EB02500E14A68 /* Tools */ = {
			isa = PBXGroup;
			children = (
				616E86BB207F422C0042B7AD /* ThirdSDK */,
				6106129B207A0296006D333D /* AlertView */,
				16C2495620439343000C4471 /* Categorys */,
				16C2494F20439062000C4471 /* WGScrollView */,
				16C2494E20439062000C4471 /* WGViewController */,
				164F651D203EB2E800E14A68 /* Utility */,
			);
			path = Tools;
			sourceTree = "<group>";
		};
		164F6518203EB03300E14A68 /* NetWorkManager */ = {
			isa = PBXGroup;
			children = (
				16B22FB4203FDF3600F2037A /* HTTPClient.h */,
				16B22FB5203FDF3600F2037A /* HTTPClient.m */,
				6106128E2079F553006D333D /* WGResponse.h */,
				6106128F2079F553006D333D /* WGResponse.m */,
			);
			path = NetWorkManager;
			sourceTree = "<group>";
		};
		164F6519203EB03C00E14A68 /* Modules */ = {
			isa = PBXGroup;
			children = (
				617C434C2080504C0046615A /* LoginModule */,
				16CB4EE5204D413B00D01328 /* ConcernModule */,
				16CB4EE2204D413A00D01328 /* DiscoveryModule */,
				16CB4EE1204D413A00D01328 /* MineModule */,
				16190B42204636DA00214999 /* FirstViewController.h */,
				16190B43204636DA00214999 /* FirstViewController.m */,
				1646D6FC20511B61009B2A09 /* NextViewController.h */,
				1646D6FD20511B61009B2A09 /* NextViewController.m */,
				1646D70520512F20009B2A09 /* KeyboardViewController.h */,
				1646D70620512F20009B2A09 /* KeyboardViewController.m */,
				1646D70820512FDE009B2A09 /* KeyboardViewController.xib */,
				16190B45204636E700214999 /* SecondViewController.h */,
				16190B46204636E700214999 /* SecondViewController.m */,
				16190B48204636F700214999 /* ThirdViewController.h */,
				16190B49204636F700214999 /* ThirdViewController.m */,
			);
			path = Modules;
			sourceTree = "<group>";
		};
		164F651A203EB04900E14A68 /* Resources */ = {
			isa = PBXGroup;
			children = (
				617DDF8420847C04002ED2A4 /* ShareImgs */,
				617DDF6520847BF3002ED2A4 /* MainImgs */,
			);
			path = Resources;
			sourceTree = "<group>";
		};
		164F651D203EB2E800E14A68 /* Utility */ = {
			isa = PBXGroup;
			children = (
				6106129F207A0408006D333D /* WGUtil.h */,
				610612A0207A0408006D333D /* WGUtil.m */,
				610612942079FF3B006D333D /* WGEnum.h */,
				610612952079FF3B006D333D /* WGEnum.m */,
				6148F720207C5453002816A0 /* WGSharedData.h */,
				6148F721207C5453002816A0 /* WGSharedData.m */,
				6148F726207C56B7002816A0 /* WGSharedMacr.h */,
				6148F727207C56B7002816A0 /* WGSharedMacr.m */,
				617C4365208090CE0046615A /* SocketRocketUtility.h */,
				617C4366208090CE0046615A /* SocketRocketUtility.m */,
			);
			path = Utility;
			sourceTree = "<group>";
		};
		16C2494E20439062000C4471 /* WGViewController */ = {
			isa = PBXGroup;
			children = (
				16C2495320439144000C4471 /* WGViewController.h */,
				16C2495420439144000C4471 /* WGViewController.m */,
				1646D6FF2051270F009B2A09 /* WGNavigationController.h */,
				1646D7002051270F009B2A09 /* WGNavigationController.m */,
			);
			path = WGViewController;
			sourceTree = "<group>";
		};
		16C2494F20439062000C4471 /* WGScrollView */ = {
			isa = PBXGroup;
			children = (
				16C2495020439082000C4471 /* WGScrollView.h */,
				16C2495120439082000C4471 /* WGScrollView.m */,
			);
			path = WGScrollView;
			sourceTree = "<group>";
		};
		16C2495620439343000C4471 /* Categorys */ = {
			isa = PBXGroup;
			children = (
				16C249572043936B000C4471 /* UIColor+WGColor.h */,
				16C249582043936B000C4471 /* UIColor+WGColor.m */,
				16C2495A2043944D000C4471 /* UIImage+Common.h */,
				16C2495B2043944D000C4471 /* UIImage+Common.m */,
				16C2495D2043961D000C4471 /* UIView+Common.h */,
				16C2495E2043961D000C4471 /* UIView+Common.m */,
				610612912079FC01006D333D /* NSObject+Notification.h */,
				610612922079FC01006D333D /* NSObject+Notification.m */,
				617C43682080A4620046615A /* NSObject+Manager.h */,
				617C43692080A4620046615A /* NSObject+Manager.m */,
			);
			path = Categorys;
			sourceTree = "<group>";
		};
		16CB4EE1204D413A00D01328 /* MineModule */ = {
			isa = PBXGroup;
			children = (
			);
			path = MineModule;
			sourceTree = "<group>";
		};
		16CB4EE2204D413A00D01328 /* DiscoveryModule */ = {
			isa = PBXGroup;
			children = (
			);
			path = DiscoveryModule;
			sourceTree = "<group>";
		};
		16CB4EE5204D413B00D01328 /* ConcernModule */ = {
			isa = PBXGroup;
			children = (
			);
			path = ConcernModule;
			sourceTree = "<group>";
		};
		1CBD8C197BDE6523326566E7 /* Frameworks */ = {
			isa = PBXGroup;
			children = (
				616E86E5207F4E9A0042B7AD /* CoreMotion.framework */,
				616E86E3207F4E8D0042B7AD /* CFNetwork.framework */,
				616E86E1207F4E850042B7AD /* Foundation.framework */,
				616E86DF207F4E770042B7AD /* UIKit.framework */,
				616E86DD207F4E710042B7AD /* CoreGraphics.framework */,
				616E86DB207F4E670042B7AD /* CoreText.framework */,
				616E86D9207F4E5D0042B7AD /* QuartzCore.framework */,
				616E86D7207F4E560042B7AD /* CoreTelephony.framework */,
				616E86D5207F4E4F0042B7AD /* SystemConfiguration.framework */,
				616E86D3207F4E460042B7AD /* libz.tbd */,
				616E86D1207F4E3B0042B7AD /* libc++.tbd */,
				D1EF45937BAA5233F3BB9028 /* libPods-factory.a */,
			);
			name = Frameworks;
			sourceTree = "<group>";
		};
		6106129B207A0296006D333D /* AlertView */ = {
			isa = PBXGroup;
			children = (
				6106129C207A0296006D333D /* TAlertView.h */,
				6106129D207A0296006D333D /* TAlertView.m */,
			);
			path = AlertView;
			sourceTree = "<group>";
		};
		6113CC8A2085C1A600CC18E1 /* LoginController */ = {
			isa = PBXGroup;
			children = (
				6113CC8B2085C1A600CC18E1 /* WelcomeViewController.h */,
				6113CC8C2085C1A600CC18E1 /* WelcomeViewController.m */,
				6113CC8D2085C1A600CC18E1 /* WelcomeViewController.xib */,
			);
			path = LoginController;
			sourceTree = "<group>";
		};
		6113CC8E2085C1A600CC18E1 /* LoginView */ = {
			isa = PBXGroup;
			children = (
			);
			path = LoginView;
			sourceTree = "<group>";
		};
		6113CC8F2085C1A600CC18E1 /* LoginPresenter */ = {
			isa = PBXGroup;
			children = (
			);
			path = LoginPresenter;
			sourceTree = "<group>";
		};
		6113CC902085C1A700CC18E1 /* LoginModel */ = {
			isa = PBXGroup;
			children = (
			);
			path = LoginModel;
			sourceTree = "<group>";
		};
		616548F920849E28004E2E5E /* Commons */ = {
			isa = PBXGroup;
			children = (
				616548FC20849E28004E2E5E /* WGShareView.h */,
				616548FD20849E28004E2E5E /* WGShareView.m */,
				616548FA20849E28004E2E5E /* WGSharePublishCollectionCell.h */,
				616548FB20849E28004E2E5E /* WGSharePublishCollectionCell.m */,
				6165490020849E91004E2E5E /* WGNoContentView.h */,
				6165490120849E91004E2E5E /* WGNoContentView.m */,
				616549032084A00D004E2E5E /* WGBaseTableView.h */,
				616549042084A00D004E2E5E /* WGBaseTableView.m */,
			);
			path = Commons;
			sourceTree = "<group>";
		};
		616E86B1207F3C7B0042B7AD /* BaseModel */ = {
			isa = PBXGroup;
			children = (
				616E86B2207F3C9E0042B7AD /* WGWeiXiner.h */,
				616E86B3207F3C9E0042B7AD /* WGWeiXiner.m */,
				616E86B5207F3CE90042B7AD /* WGWeiXinPay.h */,
				616E86B6207F3CE90042B7AD /* WGWeiXinPay.m */,
				616E86B8207F3D250042B7AD /* WGWeiXinCaller.h */,
				616E86B9207F3D250042B7AD /* WGWeiXinCaller.m */,
				616E86C6207F43140042B7AD /* WGQQCaller.h */,
				616E86C7207F43140042B7AD /* WGQQCaller.m */,
				616E86CE207F4B390042B7AD /* WGAlipayCaller.h */,
				616E86CF207F4B390042B7AD /* WGAlipayCaller.m */,
				616E86E8207F5DD70042B7AD /* WGWeiBoCaller.h */,
				616E86E9207F5DD70042B7AD /* WGWeiBoCaller.m */,
				617C434920804FC50046615A /* WGUser.h */,
				617C434A20804FC50046615A /* WGUser.m */,
				617C4353208062100046615A /* WGShare.h */,
				617C4354208062100046615A /* WGShare.m */,
				617C43562080623D0046615A /* WGImage.h */,
				617C43572080623D0046615A /* WGImage.m */,
				617C4359208062770046615A /* WGAvatar.h */,
				617C435A208062770046615A /* WGAvatar.m */,
			);
			path = BaseModel;
			sourceTree = "<group>";
		};
		616E86BB207F422C0042B7AD /* ThirdSDK */ = {
			isa = PBXGroup;
			children = (
				617C433F2080444C0046615A /* UMMobClick.framework */,
				616E86C9207F4AE60042B7AD /* AliSdk */,
				616E86BC207F422C0042B7AD /* QQSdk */,
			);
			path = ThirdSDK;
			sourceTree = "<group>";
		};
		616E86BC207F422C0042B7AD /* QQSdk */ = {
			isa = PBXGroup;
			children = (
				616E86C2207F42830042B7AD /* TencentOpenApi_IOS_Bundle.bundle */,
				616E86C3207F42830042B7AD /* TencentOpenAPI.framework */,
			);
			path = QQSdk;
			sourceTree = "<group>";
		};
		616E86C9207F4AE60042B7AD /* AliSdk */ = {
			isa = PBXGroup;
			children = (
				616E86CA207F4AE60042B7AD /* AlipaySDK.bundle */,
				616E86CB207F4AE60042B7AD /* AlipaySDK.framework */,
			);
			path = AliSdk;
			sourceTree = "<group>";
		};
		617C434C2080504C0046615A /* LoginModule */ = {
			isa = PBXGroup;
			children = (
				6113CC8E2085C1A600CC18E1 /* LoginView */,
				6113CC8A2085C1A600CC18E1 /* LoginController */,
				6113CC902085C1A700CC18E1 /* LoginModel */,
				6113CC8F2085C1A600CC18E1 /* LoginPresenter */,
			);
			path = LoginModule;
			sourceTree = "<group>";
		};
		617DDF6520847BF3002ED2A4 /* MainImgs */ = {
			isa = PBXGroup;
			children = (
				617DDF6620847BF3002ED2A4 /* me_manage_account_bg@3x.png */,
				617DDF6720847BF3002ED2A4 /* nav_back_btn@2x.png */,
				617DDF6820847BF3002ED2A4 /* nav_back_btn@3x.png */,
				617DDF6920847BF3002ED2A4 /* tabbar_discovery_icon@2x.png */,
				617DDF6A20847BF3002ED2A4 /* tabbar_discovery_icon@3x.png */,
				617DDF6B20847BF3002ED2A4 /* tabbar_discovery_icon_selected@2x.png */,
				617DDF6C20847BF3002ED2A4 /* tabbar_discovery_icon_selected@3x.png */,
				617DDF6D20847BF3002ED2A4 /* tabbar_homepage_icon@2x.png */,
				617DDF6E20847BF3002ED2A4 /* tabbar_homepage_icon@3x.png */,
				617DDF6F20847BF3002ED2A4 /* tabbar_homepage_icon_selected@2x.png */,
				617DDF7020847BF3002ED2A4 /* tabbar_homepage_icon_selected@3x.png */,
				617DDF7120847BF3002ED2A4 /* tabbar_me_icon@2x.png */,
				617DDF7220847BF3002ED2A4 /* tabbar_me_icon@3x.png */,
				617DDF7320847BF3002ED2A4 /* tabbar_me_icon_selected@2x.png */,
				617DDF7420847BF3002ED2A4 /* tabbar_me_icon_selected@3x.png */,
			);
			path = MainImgs;
			sourceTree = "<group>";
		};
		617DDF8420847C04002ED2A4 /* ShareImgs */ = {
			isa = PBXGroup;
			children = (
				617DDF8520847C04002ED2A4 /* share_link_icon@2x.png */,
				617DDF8620847C04002ED2A4 /* share_link_icon@3x.png */,
				617DDF8720847C04002ED2A4 /* share_qq_icon@2x.png */,
				617DDF8820847C04002ED2A4 /* share_qq_icon@3x.png */,
				617DDF8920847C04002ED2A4 /* share_qqzone_icon@2x.png */,
				617DDF8A20847C04002ED2A4 /* share_qqzone_icon@3x.png */,
				617DDF8B20847C04002ED2A4 /* share_weibo_icon@2x.png */,
				617DDF8C20847C04002ED2A4 /* share_weibo_icon@3x.png */,
				617DDF8D20847C04002ED2A4 /* share_weixin_icon@2x.png */,
				617DDF8E20847C04002ED2A4 /* share_weixin_icon@3x.png */,
				617DDF8F20847C04002ED2A4 /* share_weixinquest_icon@2x.png */,
				617DDF9020847C04002ED2A4 /* share_weixinquest_icon@3x.png */,
			);
			path = ShareImgs;
			sourceTree = "<group>";
		};
		AFD249354252DB012FBF2AE6 /* Pods */ = {
			isa = PBXGroup;
			children = (
				7AC4E8AB7C837B229B019898 /* Pods-factory.debug.xcconfig */,
				2308DB06B4B3A64999742163 /* Pods-factory.release.xcconfig */,
			);
			name = Pods;
			sourceTree = "<group>";
		};
/* End PBXGroup section */

/* Begin PBXNativeTarget section */
		164F64E0203EA14000E14A68 /* factory */ = {
			isa = PBXNativeTarget;
			buildConfigurationList = 164F650D203EA14100E14A68 /* Build configuration list for PBXNativeTarget "factory" */;
			buildPhases = (
				FC19A0A7BBB4405079D8566E /* [CP] Check Pods Manifest.lock */,
				164F64DD203EA14000E14A68 /* Sources */,
				164F64DE203EA14000E14A68 /* Frameworks */,
				164F64DF203EA14000E14A68 /* Resources */,
				1C91F30B6172A6A7F5DB8908 /* [CP] Copy Pods Resources */,
			);
			buildRules = (
			);
			dependencies = (
			);
			name = factory;
			productName = factory;
			productReference = 164F64E1203EA14000E14A68 /* factory.app */;
			productType = "com.apple.product-type.application";
		};
		164F64F8203EA14100E14A68 /* factoryTests */ = {
			isa = PBXNativeTarget;
			buildConfigurationList = 164F6510203EA14100E14A68 /* Build configuration list for PBXNativeTarget "factoryTests" */;
			buildPhases = (
				164F64F5203EA14100E14A68 /* Sources */,
				164F64F6203EA14100E14A68 /* Frameworks */,
				164F64F7203EA14100E14A68 /* Resources */,
			);
			buildRules = (
			);
			dependencies = (
				164F64FB203EA14100E14A68 /* PBXTargetDependency */,
			);
			name = factoryTests;
			productName = factoryTests;
			productReference = 164F64F9203EA14100E14A68 /* factoryTests.xctest */;
			productType = "com.apple.product-type.bundle.unit-test";
		};
		164F6503203EA14100E14A68 /* factoryUITests */ = {
			isa = PBXNativeTarget;
			buildConfigurationList = 164F6513203EA14100E14A68 /* Build configuration list for PBXNativeTarget "factoryUITests" */;
			buildPhases = (
				164F6500203EA14100E14A68 /* Sources */,
				164F6501203EA14100E14A68 /* Frameworks */,
				164F6502203EA14100E14A68 /* Resources */,
			);
			buildRules = (
			);
			dependencies = (
				164F6506203EA14100E14A68 /* PBXTargetDependency */,
			);
			name = factoryUITests;
			productName = factoryUITests;
			productReference = 164F6504203EA14100E14A68 /* factoryUITests.xctest */;
			productType = "com.apple.product-type.bundle.ui-testing";
		};
/* End PBXNativeTarget section */

/* Begin PBXProject section */
		164F64D9203EA14000E14A68 /* Project object */ = {
			isa = PBXProject;
			attributes = {
				LastUpgradeCheck = 0920;
				ORGANIZATIONNAME = weiguo;
				TargetAttributes = {
					164F64E0203EA14000E14A68 = {
						CreatedOnToolsVersion = 9.2;
						ProvisioningStyle = Automatic;
					};
					164F64F8203EA14100E14A68 = {
						CreatedOnToolsVersion = 9.2;
						ProvisioningStyle = Automatic;
						TestTargetID = 164F64E0203EA14000E14A68;
					};
					164F6503203EA14100E14A68 = {
						CreatedOnToolsVersion = 9.2;
						ProvisioningStyle = Automatic;
						TestTargetID = 164F64E0203EA14000E14A68;
					};
				};
			};
			buildConfigurationList = 164F64DC203EA14000E14A68 /* Build configuration list for PBXProject "factory" */;
			compatibilityVersion = "Xcode 8.0";
			developmentRegion = en;
			hasScannedForEncodings = 0;
			knownRegions = (
				en,
				Base,
			);
			mainGroup = 164F64D8203EA14000E14A68;
			productRefGroup = 164F64E2203EA14000E14A68 /* Products */;
			projectDirPath = "";
			projectRoot = "";
			targets = (
				164F64E0203EA14000E14A68 /* factory */,
				164F64F8203EA14100E14A68 /* factoryTests */,
				164F6503203EA14100E14A68 /* factoryUITests */,
			);
		};
/* End PBXProject section */

/* Begin PBXResourcesBuildPhase section */
		164F64DF203EA14000E14A68 /* Resources */ = {
			isa = PBXResourcesBuildPhase;
			buildActionMask = 2147483647;
			files = (
				617DDF7E20847BF4002ED2A4 /* tabbar_homepage_icon_selected@2x.png in Resources */,
				1646D70920512FDE009B2A09 /* KeyboardViewController.xib in Resources */,
				617DDF7720847BF4002ED2A4 /* nav_back_btn@3x.png in Resources */,
				617DDF7820847BF4002ED2A4 /* tabbar_discovery_icon@2x.png in Resources */,
				617DDF9A20847C04002ED2A4 /* share_weixin_icon@3x.png in Resources */,
				617DDF9920847C04002ED2A4 /* share_weixin_icon@2x.png in Resources */,
				617DDF9220847C04002ED2A4 /* share_link_icon@3x.png in Resources */,
				617DDF9320847C04002ED2A4 /* share_qq_icon@2x.png in Resources */,
				164F64F1203EA14000E14A68 /* LaunchScreen.storyboard in Resources */,
				617DDF7520847BF4002ED2A4 /* me_manage_account_bg@3x.png in Resources */,
				617DDF9120847C04002ED2A4 /* share_link_icon@2x.png in Resources */,
				617DDF7620847BF4002ED2A4 /* nav_back_btn@2x.png in Resources */,
				617DDF9620847C04002ED2A4 /* share_qqzone_icon@3x.png in Resources */,
				617DDF8320847BF4002ED2A4 /* tabbar_me_icon_selected@3x.png in Resources */,
				616E86C4207F42830042B7AD /* TencentOpenApi_IOS_Bundle.bundle in Resources */,
				6113CC922085C1A700CC18E1 /* WelcomeViewController.xib in Resources */,
				616E86CC207F4AE60042B7AD /* AlipaySDK.bundle in Resources */,
				617DDF9520847C04002ED2A4 /* share_qqzone_icon@2x.png in Resources */,
				164F64EE203EA14000E14A68 /* Assets.xcassets in Resources */,
				617DDF9420847C04002ED2A4 /* share_qq_icon@3x.png in Resources */,
				617DDF7920847BF4002ED2A4 /* tabbar_discovery_icon@3x.png in Resources */,
				617DDF8020847BF4002ED2A4 /* tabbar_me_icon@2x.png in Resources */,
				617DDF8220847BF4002ED2A4 /* tabbar_me_icon_selected@2x.png in Resources */,
				164F64EC203EA14000E14A68 /* Main.storyboard in Resources */,
				617DDF9B20847C04002ED2A4 /* share_weixinquest_icon@2x.png in Resources */,
				617DDF9C20847C04002ED2A4 /* share_weixinquest_icon@3x.png in Resources */,
				617DDF7D20847BF4002ED2A4 /* tabbar_homepage_icon@3x.png in Resources */,
				617DDF7A20847BF4002ED2A4 /* tabbar_discovery_icon_selected@2x.png in Resources */,
				617DDF8120847BF4002ED2A4 /* tabbar_me_icon@3x.png in Resources */,
				617DDF7B20847BF4002ED2A4 /* tabbar_discovery_icon_selected@3x.png in Resources */,
				617DDF7C20847BF4002ED2A4 /* tabbar_homepage_icon@2x.png in Resources */,
				617DDF9820847C04002ED2A4 /* share_weibo_icon@3x.png in Resources */,
				617DDF9720847C04002ED2A4 /* share_weibo_icon@2x.png in Resources */,
				617DDF7F20847BF4002ED2A4 /* tabbar_homepage_icon_selected@3x.png in Resources */,
			);
			runOnlyForDeploymentPostprocessing = 0;
		};
		164F64F7203EA14100E14A68 /* Resources */ = {
			isa = PBXResourcesBuildPhase;
			buildActionMask = 2147483647;
			files = (
			);
			runOnlyForDeploymentPostprocessing = 0;
		};
		164F6502203EA14100E14A68 /* Resources */ = {
			isa = PBXResourcesBuildPhase;
			buildActionMask = 2147483647;
			files = (
			);
			runOnlyForDeploymentPostprocessing = 0;
		};
/* End PBXResourcesBuildPhase section */

/* Begin PBXShellScriptBuildPhase section */
		1C91F30B6172A6A7F5DB8908 /* [CP] Copy Pods Resources */ = {
			isa = PBXShellScriptBuildPhase;
			buildActionMask = 2147483647;
			files = (
			);
			inputPaths = (
				"${SRCROOT}/Pods/Target Support Files/Pods-factory/Pods-factory-resources.sh",
				"${PODS_ROOT}/IQKeyboardManager/IQKeyboardManager/Resources/IQKeyboardManager.bundle",
				"${PODS_ROOT}/MJRefresh/MJRefresh/MJRefresh.bundle",
				"${PODS_ROOT}/SVProgressHUD/SVProgressHUD/SVProgressHUD.bundle",
				"${PODS_ROOT}/TZImagePickerController/TZImagePickerController/TZImagePickerController/TZImagePickerController.bundle",
				"${PODS_ROOT}/WeiboSDK/libWeiboSDK/WeiboSDK.bundle",
			);
			name = "[CP] Copy Pods Resources";
			outputPaths = (
				"${TARGET_BUILD_DIR}/${UNLOCALIZED_RESOURCES_FOLDER_PATH}/IQKeyboardManager.bundle",
				"${TARGET_BUILD_DIR}/${UNLOCALIZED_RESOURCES_FOLDER_PATH}/MJRefresh.bundle",
				"${TARGET_BUILD_DIR}/${UNLOCALIZED_RESOURCES_FOLDER_PATH}/SVProgressHUD.bundle",
				"${TARGET_BUILD_DIR}/${UNLOCALIZED_RESOURCES_FOLDER_PATH}/TZImagePickerController.bundle",
				"${TARGET_BUILD_DIR}/${UNLOCALIZED_RESOURCES_FOLDER_PATH}/WeiboSDK.bundle",
			);
			runOnlyForDeploymentPostprocessing = 0;
			shellPath = /bin/sh;
			shellScript = "\"${SRCROOT}/Pods/Target Support Files/Pods-factory/Pods-factory-resources.sh\"\n";
			showEnvVarsInLog = 0;
		};
		FC19A0A7BBB4405079D8566E /* [CP] Check Pods Manifest.lock */ = {
			isa = PBXShellScriptBuildPhase;
			buildActionMask = 2147483647;
			files = (
			);
			inputPaths = (
				"${PODS_PODFILE_DIR_PATH}/Podfile.lock",
				"${PODS_ROOT}/Manifest.lock",
			);
			name = "[CP] Check Pods Manifest.lock";
			outputPaths = (
				"$(DERIVED_FILE_DIR)/Pods-factory-checkManifestLockResult.txt",
			);
			runOnlyForDeploymentPostprocessing = 0;
			shellPath = /bin/sh;
			shellScript = "diff \"${PODS_PODFILE_DIR_PATH}/Podfile.lock\" \"${PODS_ROOT}/Manifest.lock\" > /dev/null\nif [ $? != 0 ] ; then\n    # print error to STDERR\n    echo \"error: The sandbox is not in sync with the Podfile.lock. Run 'pod install' or update your CocoaPods installation.\" >&2\n    exit 1\nfi\n# This output is used by Xcode 'outputs' to avoid re-running this script phase.\necho \"SUCCESS\" > \"${SCRIPT_OUTPUT_FILE_0}\"\n";
			showEnvVarsInLog = 0;
		};
/* End PBXShellScriptBuildPhase section */

/* Begin PBXSourcesBuildPhase section */
		164F64DD203EA14000E14A68 /* Sources */ = {
			isa = PBXSourcesBuildPhase;
			buildActionMask = 2147483647;
			files = (
				16C2495520439144000C4471 /* WGViewController.m in Sources */,
				617C4355208062100046615A /* WGShare.m in Sources */,
				16C249592043936B000C4471 /* UIColor+WGColor.m in Sources */,
				617C435B208062770046615A /* WGAvatar.m in Sources */,
				16C2495C2043944D000C4471 /* UIImage+Common.m in Sources */,
				6113CC912085C1A700CC18E1 /* WelcomeViewController.m in Sources */,
				1646D70720512F20009B2A09 /* KeyboardViewController.m in Sources */,
				617C43582080623D0046615A /* WGImage.m in Sources */,
				617C4367208090CE0046615A /* SocketRocketUtility.m in Sources */,
				617C434B20804FC50046615A /* WGUser.m in Sources */,
				610612932079FC01006D333D /* NSObject+Notification.m in Sources */,
				164F64F4203EA14000E14A68 /* main.m in Sources */,
				616E86EA207F5DD70042B7AD /* WGWeiBoCaller.m in Sources */,
				610612902079F553006D333D /* WGResponse.m in Sources */,
				616E86D0207F4B390042B7AD /* WGAlipayCaller.m in Sources */,
				616548FF20849E28004E2E5E /* WGShareView.m in Sources */,
				616E86B4207F3C9E0042B7AD /* WGWeiXiner.m in Sources */,
				610612962079FF3B006D333D /* WGEnum.m in Sources */,
				616548FE20849E28004E2E5E /* WGSharePublishCollectionCell.m in Sources */,
				616E86B7207F3CE90042B7AD /* WGWeiXinPay.m in Sources */,
				164F64E6203EA14000E14A68 /* AppDelegate.m in Sources */,
				16C2495220439082000C4471 /* WGScrollView.m in Sources */,
				6106129E207A0296006D333D /* TAlertView.m in Sources */,
				16190B4A204636F700214999 /* ThirdViewController.m in Sources */,
				16190B44204636DA00214999 /* FirstViewController.m in Sources */,
				16C249622043E83A000C4471 /* AppDelegate+RegisterThirdParty.m in Sources */,
				610612A1207A0408006D333D /* WGUtil.m in Sources */,
				16C2495F2043961D000C4471 /* UIView+Common.m in Sources */,
				616549052084A00D004E2E5E /* WGBaseTableView.m in Sources */,
				617C436A2080A4620046615A /* NSObject+Manager.m in Sources */,
				6148F728207C56B7002816A0 /* WGSharedMacr.m in Sources */,
				6148F722207C5453002816A0 /* WGSharedData.m in Sources */,
				16B22FB6203FDF3600F2037A /* HTTPClient.m in Sources */,
				616E86BA207F3D250042B7AD /* WGWeiXinCaller.m in Sources */,
				6165490220849E91004E2E5E /* WGNoContentView.m in Sources */,
				1646D6FE20511B61009B2A09 /* NextViewController.m in Sources */,
				616E86C8207F43140042B7AD /* WGQQCaller.m in Sources */,
				16190B47204636E700214999 /* SecondViewController.m in Sources */,
				1646D7012051270F009B2A09 /* WGNavigationController.m in Sources */,
			);
			runOnlyForDeploymentPostprocessing = 0;
		};
		164F64F5203EA14100E14A68 /* Sources */ = {
			isa = PBXSourcesBuildPhase;
			buildActionMask = 2147483647;
			files = (
				164F64FE203EA14100E14A68 /* factoryTests.m in Sources */,
			);
			runOnlyForDeploymentPostprocessing = 0;
		};
		164F6500203EA14100E14A68 /* Sources */ = {
			isa = PBXSourcesBuildPhase;
			buildActionMask = 2147483647;
			files = (
				164F6509203EA14100E14A68 /* factoryUITests.m in Sources */,
			);
			runOnlyForDeploymentPostprocessing = 0;
		};
/* End PBXSourcesBuildPhase section */

/* Begin PBXTargetDependency section */
		164F64FB203EA14100E14A68 /* PBXTargetDependency */ = {
			isa = PBXTargetDependency;
			target = 164F64E0203EA14000E14A68 /* factory */;
			targetProxy = 164F64FA203EA14100E14A68 /* PBXContainerItemProxy */;
		};
		164F6506203EA14100E14A68 /* PBXTargetDependency */ = {
			isa = PBXTargetDependency;
			target = 164F64E0203EA14000E14A68 /* factory */;
			targetProxy = 164F6505203EA14100E14A68 /* PBXContainerItemProxy */;
		};
/* End PBXTargetDependency section */

/* Begin PBXVariantGroup section */
		164F64EA203EA14000E14A68 /* Main.storyboard */ = {
			isa = PBXVariantGroup;
			children = (
				164F64EB203EA14000E14A68 /* Base */,
			);
			name = Main.storyboard;
			sourceTree = "<group>";
		};
		164F64EF203EA14000E14A68 /* LaunchScreen.storyboard */ = {
			isa = PBXVariantGroup;
			children = (
				164F64F0203EA14000E14A68 /* Base */,
			);
			name = LaunchScreen.storyboard;
			sourceTree = "<group>";
		};
/* End PBXVariantGroup section */

/* Begin XCBuildConfiguration section */
		164F650B203EA14100E14A68 /* Debug */ = {
			isa = XCBuildConfiguration;
			buildSettings = {
				ALWAYS_SEARCH_USER_PATHS = NO;
				CLANG_ANALYZER_NONNULL = YES;
				CLANG_ANALYZER_NUMBER_OBJECT_CONVERSION = YES_AGGRESSIVE;
				CLANG_CXX_LANGUAGE_STANDARD = "gnu++14";
				CLANG_CXX_LIBRARY = "libc++";
				CLANG_ENABLE_MODULES = YES;
				CLANG_ENABLE_OBJC_ARC = YES;
				CLANG_WARN_BLOCK_CAPTURE_AUTORELEASING = YES;
				CLANG_WARN_BOOL_CONVERSION = YES;
				CLANG_WARN_COMMA = YES;
				CLANG_WARN_CONSTANT_CONVERSION = YES;
				CLANG_WARN_DIRECT_OBJC_ISA_USAGE = YES_ERROR;
				CLANG_WARN_DOCUMENTATION_COMMENTS = YES;
				CLANG_WARN_EMPTY_BODY = YES;
				CLANG_WARN_ENUM_CONVERSION = YES;
				CLANG_WARN_INFINITE_RECURSION = YES;
				CLANG_WARN_INT_CONVERSION = YES;
				CLANG_WARN_NON_LITERAL_NULL_CONVERSION = YES;
				CLANG_WARN_OBJC_LITERAL_CONVERSION = YES;
				CLANG_WARN_OBJC_ROOT_CLASS = YES_ERROR;
				CLANG_WARN_RANGE_LOOP_ANALYSIS = YES;
				CLANG_WARN_STRICT_PROTOTYPES = YES;
				CLANG_WARN_SUSPICIOUS_MOVE = YES;
				CLANG_WARN_UNGUARDED_AVAILABILITY = YES_AGGRESSIVE;
				CLANG_WARN_UNREACHABLE_CODE = YES;
				CLANG_WARN__DUPLICATE_METHOD_MATCH = YES;
				CODE_SIGN_IDENTITY = "iPhone Developer";
				COPY_PHASE_STRIP = NO;
				DEBUG_INFORMATION_FORMAT = dwarf;
				ENABLE_STRICT_OBJC_MSGSEND = YES;
				ENABLE_TESTABILITY = YES;
				GCC_C_LANGUAGE_STANDARD = gnu11;
				GCC_DYNAMIC_NO_PIC = NO;
				GCC_NO_COMMON_BLOCKS = YES;
				GCC_OPTIMIZATION_LEVEL = 0;
				GCC_PREPROCESSOR_DEFINITIONS = (
					"DEBUG=1",
					"$(inherited)",
				);
				GCC_WARN_64_TO_32_BIT_CONVERSION = YES;
				GCC_WARN_ABOUT_RETURN_TYPE = YES_ERROR;
				GCC_WARN_UNDECLARED_SELECTOR = YES;
				GCC_WARN_UNINITIALIZED_AUTOS = YES_AGGRESSIVE;
				GCC_WARN_UNUSED_FUNCTION = YES;
				GCC_WARN_UNUSED_VARIABLE = YES;
				IPHONEOS_DEPLOYMENT_TARGET = 11.2;
				MTL_ENABLE_DEBUG_INFO = YES;
				ONLY_ACTIVE_ARCH = YES;
				SDKROOT = iphoneos;
			};
			name = Debug;
		};
		164F650C203EA14100E14A68 /* Release */ = {
			isa = XCBuildConfiguration;
			buildSettings = {
				ALWAYS_SEARCH_USER_PATHS = NO;
				CLANG_ANALYZER_NONNULL = YES;
				CLANG_ANALYZER_NUMBER_OBJECT_CONVERSION = YES_AGGRESSIVE;
				CLANG_CXX_LANGUAGE_STANDARD = "gnu++14";
				CLANG_CXX_LIBRARY = "libc++";
				CLANG_ENABLE_MODULES = YES;
				CLANG_ENABLE_OBJC_ARC = YES;
				CLANG_WARN_BLOCK_CAPTURE_AUTORELEASING = YES;
				CLANG_WARN_BOOL_CONVERSION = YES;
				CLANG_WARN_COMMA = YES;
				CLANG_WARN_CONSTANT_CONVERSION = YES;
				CLANG_WARN_DIRECT_OBJC_ISA_USAGE = YES_ERROR;
				CLANG_WARN_DOCUMENTATION_COMMENTS = YES;
				CLANG_WARN_EMPTY_BODY = YES;
				CLANG_WARN_ENUM_CONVERSION = YES;
				CLANG_WARN_INFINITE_RECURSION = YES;
				CLANG_WARN_INT_CONVERSION = YES;
				CLANG_WARN_NON_LITERAL_NULL_CONVERSION = YES;
				CLANG_WARN_OBJC_LITERAL_CONVERSION = YES;
				CLANG_WARN_OBJC_ROOT_CLASS = YES_ERROR;
				CLANG_WARN_RANGE_LOOP_ANALYSIS = YES;
				CLANG_WARN_STRICT_PROTOTYPES = YES;
				CLANG_WARN_SUSPICIOUS_MOVE = YES;
				CLANG_WARN_UNGUARDED_AVAILABILITY = YES_AGGRESSIVE;
				CLANG_WARN_UNREACHABLE_CODE = YES;
				CLANG_WARN__DUPLICATE_METHOD_MATCH = YES;
				CODE_SIGN_IDENTITY = "iPhone Developer";
				COPY_PHASE_STRIP = NO;
				DEBUG_INFORMATION_FORMAT = "dwarf-with-dsym";
				ENABLE_NS_ASSERTIONS = NO;
				ENABLE_STRICT_OBJC_MSGSEND = YES;
				GCC_C_LANGUAGE_STANDARD = gnu11;
				GCC_NO_COMMON_BLOCKS = YES;
				GCC_WARN_64_TO_32_BIT_CONVERSION = YES;
				GCC_WARN_ABOUT_RETURN_TYPE = YES_ERROR;
				GCC_WARN_UNDECLARED_SELECTOR = YES;
				GCC_WARN_UNINITIALIZED_AUTOS = YES_AGGRESSIVE;
				GCC_WARN_UNUSED_FUNCTION = YES;
				GCC_WARN_UNUSED_VARIABLE = YES;
				IPHONEOS_DEPLOYMENT_TARGET = 11.2;
				MTL_ENABLE_DEBUG_INFO = NO;
				SDKROOT = iphoneos;
				VALIDATE_PRODUCT = YES;
			};
			name = Release;
		};
		164F650E203EA14100E14A68 /* Debug */ = {
			isa = XCBuildConfiguration;
			baseConfigurationReference = 7AC4E8AB7C837B229B019898 /* Pods-factory.debug.xcconfig */;
			buildSettings = {
				ASSETCATALOG_COMPILER_APPICON_NAME = AppIcon;
				CODE_SIGN_STYLE = Automatic;
				DEVELOPMENT_TEAM = KG4MGNCQRA;
				FRAMEWORK_SEARCH_PATHS = (
					"$(inherited)",
					"$(PROJECT_DIR)/factory/Tools/ThirdSDK/QQSdk",
					"$(PROJECT_DIR)/factory/Tools/ThirdSDK/AliSdk",
					"$(PROJECT_DIR)/factory/Tools/ThirdSDK",
				);
				GCC_PRECOMPILE_PREFIX_HEADER = YES;
				GCC_PREFIX_HEADER = "$(SRCROOT)/factory/PrefixHeader.pch";
				INFOPLIST_FILE = factory/Info.plist;
				IPHONEOS_DEPLOYMENT_TARGET = 9.0;
				LD_RUNPATH_SEARCH_PATHS = "$(inherited) @executable_path/Frameworks";
				OTHER_LDFLAGS = (
					"$(inherited)",
					"-ObjC",
					"-l\"AFNetworking\"",
					"-l\"AliyunOSSiOS\"",
					"-l\"BaiduMobStat\"",
					"-l\"CRZXYCategory\"",
					"-l\"CYLTabBarController\"",
					"-l\"IQKeyboardManager\"",
					"-l\"MJExtension\"",
					"-l\"MJRefresh\"",
					"-l\"Masonry\"",
					"-l\"SDWebImage\"",
					"-l\"SVProgressHUD\"",
					"-l\"SocketRocket\"",
					"-l\"WeChatSDK\"",
					"-l\"WeiboSDK\"",
					"-l\"c++\"",
					"-l\"icucore\"",
					"-l\"resolv\"",
					"-l\"sqlite3\"",
					"-l\"sqlite3.0\"",
					"-l\"stdc++\"",
					"-l\"z\"",
					"-framework",
					"\"AdSupport\"",
					"-framework",
					"\"AlicloudUtils\"",
					"-framework",
					"\"Bugly\"",
					"-framework",
					"\"CFNetwork\"",
					"-framework",
					"\"CloudPushSDK\"",
					"-framework",
					"\"CoreGraphics\"",
					"-framework",
					"\"CoreLocation\"",
					"-framework",
					"\"CoreTelephony\"",
					"-framework",
					"\"CoreText\"",
					"-framework",
					"\"Foundation\"",
					"-framework",
					"\"ImageIO\"",
					"-framework",
					"\"JavaScriptCore\"",
					"-framework",
					"\"MobileCoreServices\"",
					"-framework",
					"\"QuartzCore\"",
					"-framework",
					"\"Security\"",
					"-framework",
					"\"SystemConfiguration\"",
					"-framework",
					"\"UIKit\"",
					"-framework",
					"\"UTDID\"",
					"-framework",
					"\"UTMini\"",
					"-fobjc-arc",
				);
				PRODUCT_BUNDLE_IDENTIFIER = com.vliour.xmay;
				PRODUCT_NAME = "$(TARGET_NAME)";
				TARGETED_DEVICE_FAMILY = "1,2";
			};
			name = Debug;
		};
		164F650F203EA14100E14A68 /* Release */ = {
			isa = XCBuildConfiguration;
			baseConfigurationReference = 2308DB06B4B3A64999742163 /* Pods-factory.release.xcconfig */;
			buildSettings = {
				ASSETCATALOG_COMPILER_APPICON_NAME = AppIcon;
				CODE_SIGN_STYLE = Automatic;
				DEVELOPMENT_TEAM = KG4MGNCQRA;
				FRAMEWORK_SEARCH_PATHS = (
					"$(inherited)",
					"$(PROJECT_DIR)/factory/Tools/ThirdSDK/QQSdk",
					"$(PROJECT_DIR)/factory/Tools/ThirdSDK/AliSdk",
					"$(PROJECT_DIR)/factory/Tools/ThirdSDK",
				);
				GCC_PRECOMPILE_PREFIX_HEADER = YES;
				GCC_PREFIX_HEADER = "$(SRCROOT)/factory/PrefixHeader.pch";
				INFOPLIST_FILE = factory/Info.plist;
				IPHONEOS_DEPLOYMENT_TARGET = 9.0;
				LD_RUNPATH_SEARCH_PATHS = "$(inherited) @executable_path/Frameworks";
				OTHER_LDFLAGS = (
					"$(inherited)",
					"-ObjC",
					"-l\"AFNetworking\"",
					"-l\"AliyunOSSiOS\"",
					"-l\"BaiduMobStat\"",
					"-l\"CRZXYCategory\"",
					"-l\"CYLTabBarController\"",
					"-l\"IQKeyboardManager\"",
					"-l\"MJExtension\"",
					"-l\"MJRefresh\"",
					"-l\"Masonry\"",
					"-l\"SDWebImage\"",
					"-l\"SVProgressHUD\"",
					"-l\"SocketRocket\"",
					"-l\"WeChatSDK\"",
					"-l\"WeiboSDK\"",
					"-l\"c++\"",
					"-l\"icucore\"",
					"-l\"resolv\"",
					"-l\"sqlite3\"",
					"-l\"sqlite3.0\"",
					"-l\"stdc++\"",
					"-l\"z\"",
					"-framework",
					"\"AdSupport\"",
					"-framework",
					"\"AlicloudUtils\"",
					"-framework",
					"\"Bugly\"",
					"-framework",
					"\"CFNetwork\"",
					"-framework",
					"\"CloudPushSDK\"",
					"-framework",
					"\"CoreGraphics\"",
					"-framework",
					"\"CoreLocation\"",
					"-framework",
					"\"CoreTelephony\"",
					"-framework",
					"\"CoreText\"",
					"-framework",
					"\"Foundation\"",
					"-framework",
					"\"ImageIO\"",
					"-framework",
					"\"JavaScriptCore\"",
					"-framework",
					"\"MobileCoreServices\"",
					"-framework",
					"\"QuartzCore\"",
					"-framework",
					"\"Security\"",
					"-framework",
					"\"SystemConfiguration\"",
					"-framework",
					"\"UIKit\"",
					"-framework",
					"\"UTDID\"",
					"-framework",
					"\"UTMini\"",
					"-fobjc-arc",
				);
				PRODUCT_BUNDLE_IDENTIFIER = com.vliour.xmay;
				PRODUCT_NAME = "$(TARGET_NAME)";
				TARGETED_DEVICE_FAMILY = "1,2";
			};
			name = Release;
		};
		164F6511203EA14100E14A68 /* Debug */ = {
			isa = XCBuildConfiguration;
			buildSettings = {
				BUNDLE_LOADER = "$(TEST_HOST)";
				CODE_SIGN_STYLE = Automatic;
				INFOPLIST_FILE = factoryTests/Info.plist;
				LD_RUNPATH_SEARCH_PATHS = "$(inherited) @executable_path/Frameworks @loader_path/Frameworks";
				PRODUCT_BUNDLE_IDENTIFIER = com.vliour.factoryTests;
				PRODUCT_NAME = "$(TARGET_NAME)";
				TARGETED_DEVICE_FAMILY = "1,2";
				TEST_HOST = "$(BUILT_PRODUCTS_DIR)/factory.app/factory";
			};
			name = Debug;
		};
		164F6512203EA14100E14A68 /* Release */ = {
			isa = XCBuildConfiguration;
			buildSettings = {
				BUNDLE_LOADER = "$(TEST_HOST)";
				CODE_SIGN_STYLE = Automatic;
				INFOPLIST_FILE = factoryTests/Info.plist;
				LD_RUNPATH_SEARCH_PATHS = "$(inherited) @executable_path/Frameworks @loader_path/Frameworks";
				PRODUCT_BUNDLE_IDENTIFIER = com.vliour.factoryTests;
				PRODUCT_NAME = "$(TARGET_NAME)";
				TARGETED_DEVICE_FAMILY = "1,2";
				TEST_HOST = "$(BUILT_PRODUCTS_DIR)/factory.app/factory";
			};
			name = Release;
		};
		164F6514203EA14100E14A68 /* Debug */ = {
			isa = XCBuildConfiguration;
			buildSettings = {
				CODE_SIGN_STYLE = Automatic;
				INFOPLIST_FILE = factoryUITests/Info.plist;
				LD_RUNPATH_SEARCH_PATHS = "$(inherited) @executable_path/Frameworks @loader_path/Frameworks";
				PRODUCT_BUNDLE_IDENTIFIER = com.vliour.factoryUITests;
				PRODUCT_NAME = "$(TARGET_NAME)";
				TARGETED_DEVICE_FAMILY = "1,2";
				TEST_TARGET_NAME = factory;
			};
			name = Debug;
		};
		164F6515203EA14100E14A68 /* Release */ = {
			isa = XCBuildConfiguration;
			buildSettings = {
				CODE_SIGN_STYLE = Automatic;
				INFOPLIST_FILE = factoryUITests/Info.plist;
				LD_RUNPATH_SEARCH_PATHS = "$(inherited) @executable_path/Frameworks @loader_path/Frameworks";
				PRODUCT_BUNDLE_IDENTIFIER = com.vliour.factoryUITests;
				PRODUCT_NAME = "$(TARGET_NAME)";
				TARGETED_DEVICE_FAMILY = "1,2";
				TEST_TARGET_NAME = factory;
			};
			name = Release;
		};
/* End XCBuildConfiguration section */

/* Begin XCConfigurationList section */
		164F64DC203EA14000E14A68 /* Build configuration list for PBXProject "factory" */ = {
			isa = XCConfigurationList;
			buildConfigurations = (
				164F650B203EA14100E14A68 /* Debug */,
				164F650C203EA14100E14A68 /* Release */,
			);
			defaultConfigurationIsVisible = 0;
			defaultConfigurationName = Release;
		};
		164F650D203EA14100E14A68 /* Build configuration list for PBXNativeTarget "factory" */ = {
			isa = XCConfigurationList;
			buildConfigurations = (
				164F650E203EA14100E14A68 /* Debug */,
				164F650F203EA14100E14A68 /* Release */,
			);
			defaultConfigurationIsVisible = 0;
			defaultConfigurationName = Release;
		};
		164F6510203EA14100E14A68 /* Build configuration list for PBXNativeTarget "factoryTests" */ = {
			isa = XCConfigurationList;
			buildConfigurations = (
				164F6511203EA14100E14A68 /* Debug */,
				164F6512203EA14100E14A68 /* Release */,
			);
			defaultConfigurationIsVisible = 0;
			defaultConfigurationName = Release;
		};
		164F6513203EA14100E14A68 /* Build configuration list for PBXNativeTarget "factoryUITests" */ = {
			isa = XCConfigurationList;
			buildConfigurations = (
				164F6514203EA14100E14A68 /* Debug */,
				164F6515203EA14100E14A68 /* Release */,
			);
			defaultConfigurationIsVisible = 0;
			defaultConfigurationName = Release;
		};
/* End XCConfigurationList section */
	};
	rootObject = 164F64D9203EA14000E14A68 /* Project object */;
}
